// !$*UTF8*$!
{
	archiveVersion = 1;
	classes = {
	};
	objectVersion = 46;
	objects = {

/* Begin PBXBuildFile section */
		6D097E971E9D19F400E77DAB /* Test.strings in Resources */ = {isa = PBXBuildFile; fileRef = 6D097E951E9D19F400E77DAB /* Test.strings */; };
		6D097E9C1E9D1AD200E77DAB /* Test.stringsdict in Resources */ = {isa = PBXBuildFile; fileRef = 6D097E9A1E9D1AD200E77DAB /* Test.stringsdict */; };
		6D097EA11E9D215500E77DAB /* ClaimState.swift in Sources */ = {isa = PBXBuildFile; fileRef = 6D097E9E1E9D215500E77DAB /* ClaimState.swift */; };
		6D097EA21E9D215500E77DAB /* TeammateState.swift in Sources */ = {isa = PBXBuildFile; fileRef = 6D097E9F1E9D215500E77DAB /* TeammateState.swift */; };
		6D097EA31E9D215500E77DAB /* TeammateType.swift in Sources */ = {isa = PBXBuildFile; fileRef = 6D097EA01E9D215500E77DAB /* TeammateType.swift */; };
		6D097EA51E9D219A00E77DAB /* Nameable.swift in Sources */ = {isa = PBXBuildFile; fileRef = 6D097EA41E9D219A00E77DAB /* Nameable.swift */; };
		6D097EA81E9D220A00E77DAB /* General.strings in Resources */ = {isa = PBXBuildFile; fileRef = 6D097EA61E9D220A00E77DAB /* General.strings */; };
		6D097EAB1E9D390200E77DAB /* Topic.swift in Sources */ = {isa = PBXBuildFile; fileRef = 6D097EAA1E9D390200E77DAB /* Topic.swift */; };
		6D097EAF1E9D3BD200E77DAB /* TopicEntity.swift in Sources */ = {isa = PBXBuildFile; fileRef = 6D097EAE1E9D3BD200E77DAB /* TopicEntity.swift */; };
		6D113C991EC34B7600D5FE75 /* SignHelper.swift in Sources */ = {isa = PBXBuildFile; fileRef = 6D113C981EC34B7600D5FE75 /* SignHelper.swift */; };
		6D113C9B1EC379E900D5FE75 /* User.swift in Sources */ = {isa = PBXBuildFile; fileRef = 6D113C9A1EC379E900D5FE75 /* User.swift */; };
		6D1454F21EA679E60054A547 /* EntityEnums.swift in Sources */ = {isa = PBXBuildFile; fileRef = 6D1454F11EA679E60054A547 /* EntityEnums.swift */; };
		6D1C039F1EB8D37D004AED30 /* Sample.storyboard in Resources */ = {isa = PBXBuildFile; fileRef = 6D1C039E1EB8D37D004AED30 /* Sample.storyboard */; };
		6D1C03A11EB8D4A2004AED30 /* UIView.swift in Sources */ = {isa = PBXBuildFile; fileRef = 6D1C03A01EB8D4A2004AED30 /* UIView.swift */; };
		6D1C03A31EB8D4D6004AED30 /* NSObject.swift in Sources */ = {isa = PBXBuildFile; fileRef = 6D1C03A21EB8D4D6004AED30 /* NSObject.swift */; };
		6D1C23841E8E97CF009B05A3 /* Key.swift in Sources */ = {isa = PBXBuildFile; fileRef = 6D1C23831E8E97CF009B05A3 /* Key.swift */; };
		6D1C23881E8EA99F009B05A3 /* Data.swift in Sources */ = {isa = PBXBuildFile; fileRef = 6D1C23871E8EA99F009B05A3 /* Data.swift */; };
		6D35EFC51EAF8AB700696B42 /* TransactionsresultTVC.swift in Sources */ = {isa = PBXBuildFile; fileRef = 6D35EFC41EAF8AB700696B42 /* TransactionsresultTVC.swift */; };
		6D35EFC71EAF8B4900696B42 /* BlockchainStorageFetcher.swift in Sources */ = {isa = PBXBuildFile; fileRef = 6D35EFC61EAF8B4900696B42 /* BlockchainStorageFetcher.swift */; };
		6D35EFC91EAF931000696B42 /* TransactionsTeammateVC.swift in Sources */ = {isa = PBXBuildFile; fileRef = 6D35EFC81EAF931000696B42 /* TransactionsTeammateVC.swift */; };
		6D35EFCB1EAF982A00696B42 /* TeamDetailsVC.swift in Sources */ = {isa = PBXBuildFile; fileRef = 6D35EFCA1EAF982A00696B42 /* TeamDetailsVC.swift */; };
		6D48BC7C1EA64EC500235324 /* EntityFactory.swift in Sources */ = {isa = PBXBuildFile; fileRef = 6D48BC7B1EA64EC500235324 /* EntityFactory.swift */; };
		6D5988831EA4BDEE0046237F /* BlockchainServer.swift in Sources */ = {isa = PBXBuildFile; fileRef = 6D5988821EA4BDEE0046237F /* BlockchainServer.swift */; };
		6D7186E71EA4FC3600257463 /* TransactionsVC.swift in Sources */ = {isa = PBXBuildFile; fileRef = 6D7186E61EA4FC3600257463 /* TransactionsVC.swift */; };
		6D7186EB1EA513D700257463 /* BlockchainStorage.swift in Sources */ = {isa = PBXBuildFile; fileRef = 6D7186EA1EA513D700257463 /* BlockchainStorage.swift */; };
		6D7186EE1EA515F400257463 /* TransactionsModel.xcdatamodeld in Sources */ = {isa = PBXBuildFile; fileRef = 6D7186EC1EA515F400257463 /* TransactionsModel.xcdatamodeld */; };
		6D73C6E01EBB36A700A2C0F8 /* Transactions.storyboard in Resources */ = {isa = PBXBuildFile; fileRef = 6D73C6DF1EBB36A700A2C0F8 /* Transactions.storyboard */; };
		6D73C6E21EBB374D00A2C0F8 /* PaymentsTVC.swift in Sources */ = {isa = PBXBuildFile; fileRef = 6D73C6E11EBB374D00A2C0F8 /* PaymentsTVC.swift */; };
		6D73C6E41EBB3F0800A2C0F8 /* TransactionCell.swift in Sources */ = {isa = PBXBuildFile; fileRef = 6D73C6E31EBB3F0800A2C0F8 /* TransactionCell.swift */; };
		6D7EB77E1EA8E0560070AFB7 /* BlockchainService.swift in Sources */ = {isa = PBXBuildFile; fileRef = 6D7EB77D1EA8E0560070AFB7 /* BlockchainService.swift */; };
		6D829AA31EB0BE1A0051F43A /* UIColor.swift in Sources */ = {isa = PBXBuildFile; fileRef = 6D829AA21EB0BE1A0051F43A /* UIColor.swift */; };
		6D829AA51EB0D6860051F43A /* Random.swift in Sources */ = {isa = PBXBuildFile; fileRef = 6D829AA41EB0D6860051F43A /* Random.swift */; };
		6D8F97121E8D1529008DC62E /* Alamofire.framework in Frameworks */ = {isa = PBXBuildFile; fileRef = 6D8F97111E8D1529008DC62E /* Alamofire.framework */; };
		6D8F97141E8D1532008DC62E /* SwiftyJSON.framework in Frameworks */ = {isa = PBXBuildFile; fileRef = 6D8F97131E8D1532008DC62E /* SwiftyJSON.framework */; };
		6D91BC041EB3900700FDC332 /* UUID.swift in Sources */ = {isa = PBXBuildFile; fileRef = 6D91BC031EB3900700FDC332 /* UUID.swift */; };
		6D91BC071EB3A79100FDC332 /* UUIDTests.swift in Sources */ = {isa = PBXBuildFile; fileRef = 6D91BC061EB3A79100FDC332 /* UUIDTests.swift */; };
		6DA475A41E8ABEE600B56D9B /* AppDelegate.swift in Sources */ = {isa = PBXBuildFile; fileRef = 6DA475A31E8ABEE600B56D9B /* AppDelegate.swift */; };
		6DA475A91E8ABEE600B56D9B /* Main.storyboard in Resources */ = {isa = PBXBuildFile; fileRef = 6DA475A71E8ABEE600B56D9B /* Main.storyboard */; };
		6DA475AB1E8ABEE600B56D9B /* Assets.xcassets in Resources */ = {isa = PBXBuildFile; fileRef = 6DA475AA1E8ABEE600B56D9B /* Assets.xcassets */; };
		6DA475AE1E8ABEE600B56D9B /* LaunchScreen.storyboard in Resources */ = {isa = PBXBuildFile; fileRef = 6DA475AC1E8ABEE600B56D9B /* LaunchScreen.storyboard */; };
		6DA475C41E8ABEE600B56D9B /* TeambrellaUITests.swift in Sources */ = {isa = PBXBuildFile; fileRef = 6DA475C31E8ABEE600B56D9B /* TeambrellaUITests.swift */; };
		6DA475D41E8BB95200B56D9B /* AmbrellaRequest.swift in Sources */ = {isa = PBXBuildFile; fileRef = 6DA475D31E8BB95200B56D9B /* AmbrellaRequest.swift */; };
		6DA475D91E8BBD2A00B56D9B /* TeambrellaError.swift in Sources */ = {isa = PBXBuildFile; fileRef = 6DA475D81E8BBD2A00B56D9B /* TeambrellaError.swift */; };
		6DA475DF1E8BE30000B56D9B /* RequestBody.swift in Sources */ = {isa = PBXBuildFile; fileRef = 6DA475DE1E8BE30000B56D9B /* RequestBody.swift */; };
		6DC60B6D1EA74996007D285C /* BtcAddress.swift in Sources */ = {isa = PBXBuildFile; fileRef = 6DC60B6C1EA74996007D285C /* BtcAddress.swift */; };
		6DC60B6F1EA749B5007D285C /* Cosigner.swift in Sources */ = {isa = PBXBuildFile; fileRef = 6DC60B6E1EA749B5007D285C /* Cosigner.swift */; };
		6DC60B711EA749D4007D285C /* TxInput.swift in Sources */ = {isa = PBXBuildFile; fileRef = 6DC60B701EA749D4007D285C /* TxInput.swift */; };
		6DC60B731EA749F1007D285C /* TxOutput.swift in Sources */ = {isa = PBXBuildFile; fileRef = 6DC60B721EA749F1007D285C /* TxOutput.swift */; };
		6DC60B751EA74A08007D285C /* PayTo.swift in Sources */ = {isa = PBXBuildFile; fileRef = 6DC60B741EA74A08007D285C /* PayTo.swift */; };
		6DC60B771EA74A9B007D285C /* TxSignature.swift in Sources */ = {isa = PBXBuildFile; fileRef = 6DC60B761EA74A9B007D285C /* TxSignature.swift */; };
		6DC60B791EA74F13007D285C /* Team.swift in Sources */ = {isa = PBXBuildFile; fileRef = 6DC60B781EA74F13007D285C /* Team.swift */; };
		6DC60B7B1EA74F24007D285C /* Teammate.swift in Sources */ = {isa = PBXBuildFile; fileRef = 6DC60B7A1EA74F24007D285C /* Teammate.swift */; };
		6DC60B7D1EA74F3D007D285C /* Tx.swift in Sources */ = {isa = PBXBuildFile; fileRef = 6DC60B7C1EA74F3D007D285C /* Tx.swift */; };
		6DCB9F551EC9FF20000B48C4 /* FetchTests.swift in Sources */ = {isa = PBXBuildFile; fileRef = 6DCB9F541EC9FF20000B48C4 /* FetchTests.swift */; };
		6DCB9F571ECA0A45000B48C4 /* Decimal.swift in Sources */ = {isa = PBXBuildFile; fileRef = 6DCB9F561ECA0A45000B48C4 /* Decimal.swift */; };
		6DCC7AC41E93A6920092D3F2 /* Services.swift in Sources */ = {isa = PBXBuildFile; fileRef = 6DCC7AC31E93A6920092D3F2 /* Services.swift */; };
		6DCC7AC81E95398D0092D3F2 /* TeammateEntity.swift in Sources */ = {isa = PBXBuildFile; fileRef = 6DCC7AC71E95398D0092D3F2 /* TeammateEntity.swift */; };
		6DD12ECA1EC5AF7C00BE1CC4 /* Mirror.swift in Sources */ = {isa = PBXBuildFile; fileRef = 6DD12EC91EC5AF7C00BE1CC4 /* Mirror.swift */; };
		6DD12ECC1EC75C2C00BE1CC4 /* Date.swift in Sources */ = {isa = PBXBuildFile; fileRef = 6DD12ECB1EC75C2C00BE1CC4 /* Date.swift */; };
		6DD7F41B1EB9DB3A001E7733 /* RoundImageView.swift in Sources */ = {isa = PBXBuildFile; fileRef = 6DD7F41A1EB9DB3A001E7733 /* RoundImageView.swift */; };
		6DD7F41D1EB9FD8A001E7733 /* RoundImagesStack.swift in Sources */ = {isa = PBXBuildFile; fileRef = 6DD7F41C1EB9FD8A001E7733 /* RoundImagesStack.swift */; };
		6DEC074C1E9BCF700078F40E /* TeammatesTVC.swift in Sources */ = {isa = PBXBuildFile; fileRef = 6DEC074B1E9BCF700078F40E /* TeammatesTVC.swift */; };
		6DEC074E1E9BD1DB0078F40E /* TeammatesCell.swift in Sources */ = {isa = PBXBuildFile; fileRef = 6DEC074D1E9BD1DB0078F40E /* TeammatesCell.swift */; };
		6DEC07501E9BD59D0078F40E /* Kingfisher.framework in Frameworks */ = {isa = PBXBuildFile; fileRef = 6DEC074F1E9BD59D0078F40E /* Kingfisher.framework */; };
		6DEC07521E9BDA310078F40E /* TeammateVC.swift in Sources */ = {isa = PBXBuildFile; fileRef = 6DEC07511E9BDA310078F40E /* TeammateVC.swift */; };
		6DEC07541E9BF6600078F40E /* ExtendedTeammate.swift in Sources */ = {isa = PBXBuildFile; fileRef = 6DEC07531E9BF6600078F40E /* ExtendedTeammate.swift */; };
		6DEC07561E9BF7170078F40E /* ExtendedTeammateEntity.swift in Sources */ = {isa = PBXBuildFile; fileRef = 6DEC07551E9BF7170078F40E /* ExtendedTeammateEntity.swift */; };
		6DEC6DF31E96670D00ACC119 /* Post.swift in Sources */ = {isa = PBXBuildFile; fileRef = 6DEC6DF21E96670D00ACC119 /* Post.swift */; };
		6DEC6DF51E96673600ACC119 /* PostEntity.swift in Sources */ = {isa = PBXBuildFile; fileRef = 6DEC6DF41E96673600ACC119 /* PostEntity.swift */; };
		6DEC6DF71E96690B00ACC119 /* EntityLike.swift in Sources */ = {isa = PBXBuildFile; fileRef = 6DEC6DF61E96690B00ACC119 /* EntityLike.swift */; };
		6DEC6DF91E966AA900ACC119 /* TransformerService.swift in Sources */ = {isa = PBXBuildFile; fileRef = 6DEC6DF81E966AA900ACC119 /* TransformerService.swift */; };
		6DF77A551EC471F2003C3A69 /* BlockchainDateFormatter.swift in Sources */ = {isa = PBXBuildFile; fileRef = 6DF77A541EC471F2003C3A69 /* BlockchainDateFormatter.swift */; };
		6DF77A7D1EC4C8A7003C3A69 /* TeambrellaService.swift in Sources */ = {isa = PBXBuildFile; fileRef = 6DF77A7C1EC4C8A7003C3A69 /* TeambrellaService.swift */; };
		6DFB8ABB1EB20709008FC8D9 /* ThreadTVC.swift in Sources */ = {isa = PBXBuildFile; fileRef = 6DFB8ABA1EB20709008FC8D9 /* ThreadTVC.swift */; };
		6DFB8ABF1EB21CFD008FC8D9 /* ThreadPostCell.swift in Sources */ = {isa = PBXBuildFile; fileRef = 6DFB8ABE1EB21CFD008FC8D9 /* ThreadPostCell.swift */; };
		6DFB8AC11EB22F77008FC8D9 /* SwiftSoup.framework in Frameworks */ = {isa = PBXBuildFile; fileRef = 6DFB8AC01EB22F77008FC8D9 /* SwiftSoup.framework */; };
		80F21A7C34B08754FB74C0D3 /* libPods-TeambrellaTests.a in Frameworks */ = {isa = PBXBuildFile; fileRef = EF97D18D2974A521C3D2CC62 /* libPods-TeambrellaTests.a */; };
		CBDFE00DB06001B8DB766097 /* TeammateLike.swift in Sources */ = {isa = PBXBuildFile; fileRef = CBDFEE452041D08B61C13CF8 /* TeammateLike.swift */; };
		CBDFE3B8E39275922CDCC041 /* String.swift in Sources */ = {isa = PBXBuildFile; fileRef = CBDFE16BB5E7B5B758559237 /* String.swift */; };
		CBDFE405B08DC2B3E63B8B8A /* MaritalStatus.swift in Sources */ = {isa = PBXBuildFile; fileRef = CBDFEA66BB8C99B198619010 /* MaritalStatus.swift */; };
		CBDFE767664CC051784BF271 /* ServerService.swift in Sources */ = {isa = PBXBuildFile; fileRef = CBDFEA3415104DFFD0D751C7 /* ServerService.swift */; };
		CBDFEBF8E6B7F6BC0422AE92 /* ViewController.swift in Sources */ = {isa = PBXBuildFile; fileRef = CBDFE17963037A77339EB5F7 /* ViewController.swift */; };
		E64FEE2CACB8805B71B05597 /* libPods-Teambrella.a in Frameworks */ = {isa = PBXBuildFile; fileRef = F7B19441614AAC2A2CE06DE7 /* libPods-Teambrella.a */; };
		E8C2DC7B371EF1F64A49B53A /* libPods-TeambrellaUITests.a in Frameworks */ = {isa = PBXBuildFile; fileRef = BC8626132073AB752667A90E /* libPods-TeambrellaUITests.a */; };
/* End PBXBuildFile section */

/* Begin PBXContainerItemProxy section */
		6DA475B51E8ABEE600B56D9B /* PBXContainerItemProxy */ = {
			isa = PBXContainerItemProxy;
			containerPortal = 6DA475981E8ABEE600B56D9B /* Project object */;
			proxyType = 1;
			remoteGlobalIDString = 6DA4759F1E8ABEE600B56D9B;
			remoteInfo = Teambrella;
		};
		6DA475C01E8ABEE600B56D9B /* PBXContainerItemProxy */ = {
			isa = PBXContainerItemProxy;
			containerPortal = 6DA475981E8ABEE600B56D9B /* Project object */;
			proxyType = 1;
			remoteGlobalIDString = 6DA4759F1E8ABEE600B56D9B;
			remoteInfo = Teambrella;
		};
/* End PBXContainerItemProxy section */

/* Begin PBXFileReference section */
		0955ADF5D5781C76472099AB /* Pods-TeambrellaTests.release.xcconfig */ = {isa = PBXFileReference; includeInIndex = 1; lastKnownFileType = text.xcconfig; name = "Pods-TeambrellaTests.release.xcconfig"; path = "Pods/Target Support Files/Pods-TeambrellaTests/Pods-TeambrellaTests.release.xcconfig"; sourceTree = "<group>"; };
		38D8148D9413F43D44EA5AFF /* Pods-Teambrella.release.xcconfig */ = {isa = PBXFileReference; includeInIndex = 1; lastKnownFileType = text.xcconfig; name = "Pods-Teambrella.release.xcconfig"; path = "Pods/Target Support Files/Pods-Teambrella/Pods-Teambrella.release.xcconfig"; sourceTree = "<group>"; };
		5A31D4B51EC413D689755DD8 /* Pods-TeambrellaUITests.debug.xcconfig */ = {isa = PBXFileReference; includeInIndex = 1; lastKnownFileType = text.xcconfig; name = "Pods-TeambrellaUITests.debug.xcconfig"; path = "Pods/Target Support Files/Pods-TeambrellaUITests/Pods-TeambrellaUITests.debug.xcconfig"; sourceTree = "<group>"; };
		63613F4D9AC88C9CBF2AB08E /* Pods-TeambrellaTests.debug.xcconfig */ = {isa = PBXFileReference; includeInIndex = 1; lastKnownFileType = text.xcconfig; name = "Pods-TeambrellaTests.debug.xcconfig"; path = "Pods/Target Support Files/Pods-TeambrellaTests/Pods-TeambrellaTests.debug.xcconfig"; sourceTree = "<group>"; };
		6D097E931E9D181A00E77DAB /* es */ = {isa = PBXFileReference; lastKnownFileType = text.plist.strings; name = es; path = es.lproj/Main.strings; sourceTree = "<group>"; };
		6D097E961E9D19F400E77DAB /* en */ = {isa = PBXFileReference; lastKnownFileType = text.plist.strings; name = en; path = en.lproj/Test.strings; sourceTree = "<group>"; };
		6D097E981E9D19FC00E77DAB /* es */ = {isa = PBXFileReference; lastKnownFileType = text.plist.strings; name = es; path = es.lproj/Test.strings; sourceTree = "<group>"; };
		6D097E9B1E9D1AD200E77DAB /* en */ = {isa = PBXFileReference; lastKnownFileType = text.plist.stringsdict; name = en; path = en.lproj/Test.stringsdict; sourceTree = "<group>"; };
		6D097E9D1E9D1BBF00E77DAB /* es */ = {isa = PBXFileReference; lastKnownFileType = text.plist.stringsdict; name = es; path = es.lproj/Test.stringsdict; sourceTree = "<group>"; };
		6D097E9E1E9D215500E77DAB /* ClaimState.swift */ = {isa = PBXFileReference; fileEncoding = 4; lastKnownFileType = sourcecode.swift; name = ClaimState.swift; path = Model/Enums/ClaimState.swift; sourceTree = "<group>"; };
		6D097E9F1E9D215500E77DAB /* TeammateState.swift */ = {isa = PBXFileReference; fileEncoding = 4; lastKnownFileType = sourcecode.swift; name = TeammateState.swift; path = Model/Enums/TeammateState.swift; sourceTree = "<group>"; };
		6D097EA01E9D215500E77DAB /* TeammateType.swift */ = {isa = PBXFileReference; fileEncoding = 4; lastKnownFileType = sourcecode.swift; name = TeammateType.swift; path = Model/Enums/TeammateType.swift; sourceTree = "<group>"; };
		6D097EA41E9D219A00E77DAB /* Nameable.swift */ = {isa = PBXFileReference; fileEncoding = 4; lastKnownFileType = sourcecode.swift; name = Nameable.swift; path = Model/Protocols/Nameable.swift; sourceTree = "<group>"; };
		6D097EA71E9D220A00E77DAB /* en */ = {isa = PBXFileReference; lastKnownFileType = text.plist.strings; name = en; path = en.lproj/General.strings; sourceTree = "<group>"; };
		6D097EA91E9D230E00E77DAB /* es */ = {isa = PBXFileReference; lastKnownFileType = text.plist.strings; name = es; path = es.lproj/General.strings; sourceTree = "<group>"; };
		6D097EAA1E9D390200E77DAB /* Topic.swift */ = {isa = PBXFileReference; fileEncoding = 4; lastKnownFileType = sourcecode.swift; name = Topic.swift; path = Model/Protocols/Topic.swift; sourceTree = "<group>"; };
		6D097EAE1E9D3BD200E77DAB /* TopicEntity.swift */ = {isa = PBXFileReference; fileEncoding = 4; lastKnownFileType = sourcecode.swift; name = TopicEntity.swift; path = Model/Entities/TopicEntity.swift; sourceTree = "<group>"; };
		6D113C981EC34B7600D5FE75 /* SignHelper.swift */ = {isa = PBXFileReference; fileEncoding = 4; lastKnownFileType = sourcecode.swift; name = SignHelper.swift; path = Transactions/Services/SignHelper.swift; sourceTree = SOURCE_ROOT; };
		6D113C9A1EC379E900D5FE75 /* User.swift */ = {isa = PBXFileReference; fileEncoding = 4; lastKnownFileType = sourcecode.swift; name = User.swift; path = Transactions/Services/Storage/Entities/User.swift; sourceTree = "<group>"; };
		6D1454F11EA679E60054A547 /* EntityEnums.swift */ = {isa = PBXFileReference; fileEncoding = 4; lastKnownFileType = sourcecode.swift; name = EntityEnums.swift; path = Transactions/Services/Storage/EntityEnums.swift; sourceTree = SOURCE_ROOT; };
		6D1C039E1EB8D37D004AED30 /* Sample.storyboard */ = {isa = PBXFileReference; fileEncoding = 4; lastKnownFileType = file.storyboard; name = Sample.storyboard; path = Scenes/Sample/Sample.storyboard; sourceTree = "<group>"; };
		6D1C03A01EB8D4A2004AED30 /* UIView.swift */ = {isa = PBXFileReference; fileEncoding = 4; lastKnownFileType = sourcecode.swift; name = UIView.swift; path = Helpers/Extensions/UIView.swift; sourceTree = "<group>"; };
		6D1C03A21EB8D4D6004AED30 /* NSObject.swift */ = {isa = PBXFileReference; fileEncoding = 4; lastKnownFileType = sourcecode.swift; name = NSObject.swift; path = Helpers/Extensions/NSObject.swift; sourceTree = "<group>"; };
		6D1C23831E8E97CF009B05A3 /* Key.swift */ = {isa = PBXFileReference; fileEncoding = 4; lastKnownFileType = sourcecode.swift; name = Key.swift; path = Model/Services/Bitcoin/Key.swift; sourceTree = "<group>"; };
		6D1C23871E8EA99F009B05A3 /* Data.swift */ = {isa = PBXFileReference; fileEncoding = 4; lastKnownFileType = sourcecode.swift; name = Data.swift; path = Helpers/Extensions/Data.swift; sourceTree = "<group>"; };
		6D35EFC41EAF8AB700696B42 /* TransactionsresultTVC.swift */ = {isa = PBXFileReference; fileEncoding = 4; lastKnownFileType = sourcecode.swift; name = TransactionsresultTVC.swift; path = Scenes/TransactionsTest/TransactionsresultTVC.swift; sourceTree = "<group>"; };
		6D35EFC61EAF8B4900696B42 /* BlockchainStorageFetcher.swift */ = {isa = PBXFileReference; fileEncoding = 4; lastKnownFileType = sourcecode.swift; name = BlockchainStorageFetcher.swift; path = Transactions/Services/Storage/BlockchainStorageFetcher.swift; sourceTree = SOURCE_ROOT; };
		6D35EFC81EAF931000696B42 /* TransactionsTeammateVC.swift */ = {isa = PBXFileReference; fileEncoding = 4; lastKnownFileType = sourcecode.swift; name = TransactionsTeammateVC.swift; path = Scenes/TransactionsTest/TransactionsTeammateVC.swift; sourceTree = "<group>"; };
		6D35EFCA1EAF982A00696B42 /* TeamDetailsVC.swift */ = {isa = PBXFileReference; fileEncoding = 4; lastKnownFileType = sourcecode.swift; name = TeamDetailsVC.swift; path = Scenes/TransactionsTest/TeamDetailsVC.swift; sourceTree = "<group>"; };
		6D48BC7B1EA64EC500235324 /* EntityFactory.swift */ = {isa = PBXFileReference; fileEncoding = 4; lastKnownFileType = sourcecode.swift; name = EntityFactory.swift; path = Transactions/Services/Storage/EntityFactory.swift; sourceTree = SOURCE_ROOT; };
		6D5988821EA4BDEE0046237F /* BlockchainServer.swift */ = {isa = PBXFileReference; fileEncoding = 4; lastKnownFileType = sourcecode.swift; name = BlockchainServer.swift; path = Transactions/Services/BlockchainServer.swift; sourceTree = SOURCE_ROOT; };
		6D7186E61EA4FC3600257463 /* TransactionsVC.swift */ = {isa = PBXFileReference; fileEncoding = 4; lastKnownFileType = sourcecode.swift; name = TransactionsVC.swift; path = Scenes/TransactionsVC.swift; sourceTree = "<group>"; };
		6D7186EA1EA513D700257463 /* BlockchainStorage.swift */ = {isa = PBXFileReference; fileEncoding = 4; lastKnownFileType = sourcecode.swift; name = BlockchainStorage.swift; path = Transactions/Services/BlockchainStorage.swift; sourceTree = SOURCE_ROOT; };
		6D7186ED1EA515F400257463 /* TransactionsModel.xcdatamodel */ = {isa = PBXFileReference; lastKnownFileType = wrapper.xcdatamodel; path = TransactionsModel.xcdatamodel; sourceTree = "<group>"; };
		6D73C6DF1EBB36A700A2C0F8 /* Transactions.storyboard */ = {isa = PBXFileReference; fileEncoding = 4; lastKnownFileType = file.storyboard; name = Transactions.storyboard; path = Scenes/TransactionsTest/Transactions.storyboard; sourceTree = "<group>"; };
		6D73C6E11EBB374D00A2C0F8 /* PaymentsTVC.swift */ = {isa = PBXFileReference; fileEncoding = 4; lastKnownFileType = sourcecode.swift; name = PaymentsTVC.swift; path = Scenes/TransactionsTest/PaymentsTVC.swift; sourceTree = "<group>"; };
		6D73C6E31EBB3F0800A2C0F8 /* TransactionCell.swift */ = {isa = PBXFileReference; fileEncoding = 4; lastKnownFileType = sourcecode.swift; name = TransactionCell.swift; path = Scenes/TransactionsTest/TransactionCell.swift; sourceTree = "<group>"; };
		6D7EB77D1EA8E0560070AFB7 /* BlockchainService.swift */ = {isa = PBXFileReference; fileEncoding = 4; lastKnownFileType = sourcecode.swift; name = BlockchainService.swift; path = Transactions/Services/BlockchainService.swift; sourceTree = SOURCE_ROOT; };
		6D829AA21EB0BE1A0051F43A /* UIColor.swift */ = {isa = PBXFileReference; fileEncoding = 4; lastKnownFileType = sourcecode.swift; name = UIColor.swift; path = Helpers/Extensions/UIColor.swift; sourceTree = "<group>"; };
		6D829AA41EB0D6860051F43A /* Random.swift */ = {isa = PBXFileReference; fileEncoding = 4; lastKnownFileType = sourcecode.swift; name = Random.swift; path = Helpers/Extensions/Random.swift; sourceTree = "<group>"; };
		6D8F97111E8D1529008DC62E /* Alamofire.framework */ = {isa = PBXFileReference; lastKnownFileType = wrapper.framework; name = Alamofire.framework; path = Carthage/Build/iOS/Alamofire.framework; sourceTree = "<group>"; };
		6D8F97131E8D1532008DC62E /* SwiftyJSON.framework */ = {isa = PBXFileReference; lastKnownFileType = wrapper.framework; name = SwiftyJSON.framework; path = Carthage/Build/iOS/SwiftyJSON.framework; sourceTree = "<group>"; };
		6D8F97171E8D1673008DC62E /* Teambrella-Bridging-Header.h */ = {isa = PBXFileReference; lastKnownFileType = sourcecode.c.h; path = "Teambrella-Bridging-Header.h"; sourceTree = "<group>"; };
		6D91BC031EB3900700FDC332 /* UUID.swift */ = {isa = PBXFileReference; fileEncoding = 4; lastKnownFileType = sourcecode.swift; name = UUID.swift; path = Helpers/Extensions/UUID.swift; sourceTree = "<group>"; };
		6D91BC061EB3A79100FDC332 /* UUIDTests.swift */ = {isa = PBXFileReference; fileEncoding = 4; lastKnownFileType = sourcecode.swift; path = UUIDTests.swift; sourceTree = "<group>"; };
		6DA475A01E8ABEE600B56D9B /* Teambrella.app */ = {isa = PBXFileReference; explicitFileType = wrapper.application; includeInIndex = 0; path = Teambrella.app; sourceTree = BUILT_PRODUCTS_DIR; };
		6DA475A31E8ABEE600B56D9B /* AppDelegate.swift */ = {isa = PBXFileReference; lastKnownFileType = sourcecode.swift; path = AppDelegate.swift; sourceTree = "<group>"; };
		6DA475A81E8ABEE600B56D9B /* Base */ = {isa = PBXFileReference; lastKnownFileType = file.storyboard; name = Base; path = Base.lproj/Main.storyboard; sourceTree = "<group>"; };
		6DA475AA1E8ABEE600B56D9B /* Assets.xcassets */ = {isa = PBXFileReference; lastKnownFileType = folder.assetcatalog; path = Assets.xcassets; sourceTree = "<group>"; };
		6DA475AD1E8ABEE600B56D9B /* Base */ = {isa = PBXFileReference; lastKnownFileType = file.storyboard; name = Base; path = Base.lproj/LaunchScreen.storyboard; sourceTree = "<group>"; };
		6DA475AF1E8ABEE600B56D9B /* Info.plist */ = {isa = PBXFileReference; lastKnownFileType = text.plist.xml; path = Info.plist; sourceTree = "<group>"; };
		6DA475B41E8ABEE600B56D9B /* TeambrellaTests.xctest */ = {isa = PBXFileReference; explicitFileType = wrapper.cfbundle; includeInIndex = 0; path = TeambrellaTests.xctest; sourceTree = BUILT_PRODUCTS_DIR; };
		6DA475BA1E8ABEE600B56D9B /* Info.plist */ = {isa = PBXFileReference; lastKnownFileType = text.plist.xml; path = Info.plist; sourceTree = "<group>"; };
		6DA475BF1E8ABEE600B56D9B /* TeambrellaUITests.xctest */ = {isa = PBXFileReference; explicitFileType = wrapper.cfbundle; includeInIndex = 0; path = TeambrellaUITests.xctest; sourceTree = BUILT_PRODUCTS_DIR; };
		6DA475C31E8ABEE600B56D9B /* TeambrellaUITests.swift */ = {isa = PBXFileReference; lastKnownFileType = sourcecode.swift; path = TeambrellaUITests.swift; sourceTree = "<group>"; };
		6DA475C51E8ABEE600B56D9B /* Info.plist */ = {isa = PBXFileReference; lastKnownFileType = text.plist.xml; path = Info.plist; sourceTree = "<group>"; };
		6DA475D31E8BB95200B56D9B /* AmbrellaRequest.swift */ = {isa = PBXFileReference; fileEncoding = 4; lastKnownFileType = sourcecode.swift; name = AmbrellaRequest.swift; path = Model/Services/Networking/AmbrellaRequest.swift; sourceTree = "<group>"; };
		6DA475D81E8BBD2A00B56D9B /* TeambrellaError.swift */ = {isa = PBXFileReference; fileEncoding = 4; lastKnownFileType = sourcecode.swift; name = TeambrellaError.swift; path = Model/TeambrellaError.swift; sourceTree = "<group>"; };
		6DA475DE1E8BE30000B56D9B /* RequestBody.swift */ = {isa = PBXFileReference; fileEncoding = 4; lastKnownFileType = sourcecode.swift; name = RequestBody.swift; path = Model/Services/Networking/RequestBody.swift; sourceTree = "<group>"; };
		6DC60B6C1EA74996007D285C /* BtcAddress.swift */ = {isa = PBXFileReference; fileEncoding = 4; lastKnownFileType = sourcecode.swift; name = BtcAddress.swift; path = Transactions/Services/Storage/Entities/BtcAddress.swift; sourceTree = "<group>"; };
		6DC60B6E1EA749B5007D285C /* Cosigner.swift */ = {isa = PBXFileReference; fileEncoding = 4; lastKnownFileType = sourcecode.swift; name = Cosigner.swift; path = Transactions/Services/Storage/Entities/Cosigner.swift; sourceTree = "<group>"; };
		6DC60B701EA749D4007D285C /* TxInput.swift */ = {isa = PBXFileReference; fileEncoding = 4; lastKnownFileType = sourcecode.swift; name = TxInput.swift; path = Transactions/Services/Storage/Entities/TxInput.swift; sourceTree = "<group>"; };
		6DC60B721EA749F1007D285C /* TxOutput.swift */ = {isa = PBXFileReference; fileEncoding = 4; lastKnownFileType = sourcecode.swift; name = TxOutput.swift; path = Transactions/Services/Storage/Entities/TxOutput.swift; sourceTree = "<group>"; };
		6DC60B741EA74A08007D285C /* PayTo.swift */ = {isa = PBXFileReference; fileEncoding = 4; lastKnownFileType = sourcecode.swift; name = PayTo.swift; path = Transactions/Services/Storage/Entities/PayTo.swift; sourceTree = "<group>"; };
		6DC60B761EA74A9B007D285C /* TxSignature.swift */ = {isa = PBXFileReference; fileEncoding = 4; lastKnownFileType = sourcecode.swift; name = TxSignature.swift; path = Transactions/Services/Storage/Entities/TxSignature.swift; sourceTree = "<group>"; };
		6DC60B781EA74F13007D285C /* Team.swift */ = {isa = PBXFileReference; fileEncoding = 4; lastKnownFileType = sourcecode.swift; name = Team.swift; path = Transactions/Services/Storage/Entities/Team.swift; sourceTree = "<group>"; };
		6DC60B7A1EA74F24007D285C /* Teammate.swift */ = {isa = PBXFileReference; fileEncoding = 4; lastKnownFileType = sourcecode.swift; name = Teammate.swift; path = Transactions/Services/Storage/Entities/Teammate.swift; sourceTree = "<group>"; };
		6DC60B7C1EA74F3D007D285C /* Tx.swift */ = {isa = PBXFileReference; fileEncoding = 4; lastKnownFileType = sourcecode.swift; name = Tx.swift; path = Transactions/Services/Storage/Entities/Tx.swift; sourceTree = "<group>"; };
		6DCB9F541EC9FF20000B48C4 /* FetchTests.swift */ = {isa = PBXFileReference; fileEncoding = 4; lastKnownFileType = sourcecode.swift; path = FetchTests.swift; sourceTree = "<group>"; };
		6DCB9F561ECA0A45000B48C4 /* Decimal.swift */ = {isa = PBXFileReference; fileEncoding = 4; lastKnownFileType = sourcecode.swift; name = Decimal.swift; path = Helpers/Extensions/Decimal.swift; sourceTree = "<group>"; };
		6DCC7AC31E93A6920092D3F2 /* Services.swift */ = {isa = PBXFileReference; fileEncoding = 4; lastKnownFileType = sourcecode.swift; name = Services.swift; path = Model/Services/Services.swift; sourceTree = "<group>"; };
		6DCC7AC71E95398D0092D3F2 /* TeammateEntity.swift */ = {isa = PBXFileReference; fileEncoding = 4; lastKnownFileType = sourcecode.swift; name = TeammateEntity.swift; path = Model/Entities/TeammateEntity.swift; sourceTree = "<group>"; };
		6DD12EC91EC5AF7C00BE1CC4 /* Mirror.swift */ = {isa = PBXFileReference; fileEncoding = 4; lastKnownFileType = sourcecode.swift; name = Mirror.swift; path = Helpers/Extensions/Mirror.swift; sourceTree = "<group>"; };
		6DD12ECB1EC75C2C00BE1CC4 /* Date.swift */ = {isa = PBXFileReference; fileEncoding = 4; lastKnownFileType = sourcecode.swift; name = Date.swift; path = Helpers/Extensions/Date.swift; sourceTree = "<group>"; };
		6DD7F41A1EB9DB3A001E7733 /* RoundImageView.swift */ = {isa = PBXFileReference; fileEncoding = 4; lastKnownFileType = sourcecode.swift; name = RoundImageView.swift; path = View/RoundImageView.swift; sourceTree = "<group>"; };
		6DD7F41C1EB9FD8A001E7733 /* RoundImagesStack.swift */ = {isa = PBXFileReference; fileEncoding = 4; lastKnownFileType = sourcecode.swift; name = RoundImagesStack.swift; path = View/RoundImagesStack.swift; sourceTree = "<group>"; };
		6DEC074B1E9BCF700078F40E /* TeammatesTVC.swift */ = {isa = PBXFileReference; fileEncoding = 4; lastKnownFileType = sourcecode.swift; name = TeammatesTVC.swift; path = Scenes/Sample/TeammatesTVC.swift; sourceTree = "<group>"; };
		6DEC074D1E9BD1DB0078F40E /* TeammatesCell.swift */ = {isa = PBXFileReference; fileEncoding = 4; lastKnownFileType = sourcecode.swift; name = TeammatesCell.swift; path = Scenes/Sample/TeammatesCell.swift; sourceTree = "<group>"; };
		6DEC074F1E9BD59D0078F40E /* Kingfisher.framework */ = {isa = PBXFileReference; lastKnownFileType = wrapper.framework; name = Kingfisher.framework; path = Carthage/Build/iOS/Kingfisher.framework; sourceTree = "<group>"; };
		6DEC07511E9BDA310078F40E /* TeammateVC.swift */ = {isa = PBXFileReference; fileEncoding = 4; lastKnownFileType = sourcecode.swift; name = TeammateVC.swift; path = Scenes/Sample/TeammateVC.swift; sourceTree = "<group>"; };
		6DEC07531E9BF6600078F40E /* ExtendedTeammate.swift */ = {isa = PBXFileReference; fileEncoding = 4; lastKnownFileType = sourcecode.swift; name = ExtendedTeammate.swift; path = Model/Protocols/ExtendedTeammate.swift; sourceTree = "<group>"; };
		6DEC07551E9BF7170078F40E /* ExtendedTeammateEntity.swift */ = {isa = PBXFileReference; fileEncoding = 4; lastKnownFileType = sourcecode.swift; name = ExtendedTeammateEntity.swift; path = Model/Entities/ExtendedTeammateEntity/ExtendedTeammateEntity.swift; sourceTree = "<group>"; };
		6DEC6DF21E96670D00ACC119 /* Post.swift */ = {isa = PBXFileReference; fileEncoding = 4; lastKnownFileType = sourcecode.swift; name = Post.swift; path = Model/Protocols/Post.swift; sourceTree = "<group>"; };
		6DEC6DF41E96673600ACC119 /* PostEntity.swift */ = {isa = PBXFileReference; fileEncoding = 4; lastKnownFileType = sourcecode.swift; name = PostEntity.swift; path = Model/Entities/PostEntity.swift; sourceTree = "<group>"; };
		6DEC6DF61E96690B00ACC119 /* EntityLike.swift */ = {isa = PBXFileReference; fileEncoding = 4; lastKnownFileType = sourcecode.swift; name = EntityLike.swift; path = Model/Protocols/EntityLike.swift; sourceTree = "<group>"; };
		6DEC6DF81E966AA900ACC119 /* TransformerService.swift */ = {isa = PBXFileReference; fileEncoding = 4; lastKnownFileType = sourcecode.swift; name = TransformerService.swift; path = Model/Services/Transformers/TransformerService.swift; sourceTree = "<group>"; };
		6DF77A541EC471F2003C3A69 /* BlockchainDateFormatter.swift */ = {isa = PBXFileReference; fileEncoding = 4; lastKnownFileType = sourcecode.swift; name = BlockchainDateFormatter.swift; path = Transactions/Services/BlockchainDateFormatter.swift; sourceTree = SOURCE_ROOT; };
		6DF77A7C1EC4C8A7003C3A69 /* TeambrellaService.swift */ = {isa = PBXFileReference; fileEncoding = 4; lastKnownFileType = sourcecode.swift; name = TeambrellaService.swift; path = Transactions/TeambrellaService.swift; sourceTree = SOURCE_ROOT; };
		6DFB8ABA1EB20709008FC8D9 /* ThreadTVC.swift */ = {isa = PBXFileReference; fileEncoding = 4; lastKnownFileType = sourcecode.swift; name = ThreadTVC.swift; path = Scenes/Sample/ThreadTVC.swift; sourceTree = "<group>"; };
		6DFB8ABE1EB21CFD008FC8D9 /* ThreadPostCell.swift */ = {isa = PBXFileReference; fileEncoding = 4; lastKnownFileType = sourcecode.swift; name = ThreadPostCell.swift; path = Scenes/Sample/ThreadPostCell.swift; sourceTree = "<group>"; };
		6DFB8AC01EB22F77008FC8D9 /* SwiftSoup.framework */ = {isa = PBXFileReference; lastKnownFileType = wrapper.framework; name = SwiftSoup.framework; path = Carthage/Build/iOS/SwiftSoup.framework; sourceTree = "<group>"; };
		86EB091347EC7E27BBAD1C82 /* Pods-Teambrella.debug.xcconfig */ = {isa = PBXFileReference; includeInIndex = 1; lastKnownFileType = text.xcconfig; name = "Pods-Teambrella.debug.xcconfig"; path = "Pods/Target Support Files/Pods-Teambrella/Pods-Teambrella.debug.xcconfig"; sourceTree = "<group>"; };
		BC8626132073AB752667A90E /* libPods-TeambrellaUITests.a */ = {isa = PBXFileReference; explicitFileType = archive.ar; includeInIndex = 0; path = "libPods-TeambrellaUITests.a"; sourceTree = BUILT_PRODUCTS_DIR; };
		CBDFE16BB5E7B5B758559237 /* String.swift */ = {isa = PBXFileReference; fileEncoding = 4; lastKnownFileType = sourcecode.swift; name = String.swift; path = Helpers/Extensions/String.swift; sourceTree = "<group>"; };
		CBDFE17963037A77339EB5F7 /* ViewController.swift */ = {isa = PBXFileReference; fileEncoding = 4; lastKnownFileType = sourcecode.swift; name = ViewController.swift; path = Scenes/Test/ViewController.swift; sourceTree = "<group>"; };
		CBDFEA3415104DFFD0D751C7 /* ServerService.swift */ = {isa = PBXFileReference; fileEncoding = 4; lastKnownFileType = sourcecode.swift; name = ServerService.swift; path = Model/Services/Networking/ServerService.swift; sourceTree = "<group>"; };
		CBDFEA66BB8C99B198619010 /* MaritalStatus.swift */ = {isa = PBXFileReference; fileEncoding = 4; lastKnownFileType = sourcecode.swift; name = MaritalStatus.swift; path = Model/Enums/MaritalStatus.swift; sourceTree = "<group>"; };
		CBDFEE452041D08B61C13CF8 /* TeammateLike.swift */ = {isa = PBXFileReference; fileEncoding = 4; lastKnownFileType = sourcecode.swift; name = TeammateLike.swift; path = Model/Entities/TeammateLike.swift; sourceTree = "<group>"; };
		EF97D18D2974A521C3D2CC62 /* libPods-TeambrellaTests.a */ = {isa = PBXFileReference; explicitFileType = archive.ar; includeInIndex = 0; path = "libPods-TeambrellaTests.a"; sourceTree = BUILT_PRODUCTS_DIR; };
		EFA9DEFD913DBBA749086C64 /* Pods-TeambrellaUITests.release.xcconfig */ = {isa = PBXFileReference; includeInIndex = 1; lastKnownFileType = text.xcconfig; name = "Pods-TeambrellaUITests.release.xcconfig"; path = "Pods/Target Support Files/Pods-TeambrellaUITests/Pods-TeambrellaUITests.release.xcconfig"; sourceTree = "<group>"; };
		F7B19441614AAC2A2CE06DE7 /* libPods-Teambrella.a */ = {isa = PBXFileReference; explicitFileType = archive.ar; includeInIndex = 0; path = "libPods-Teambrella.a"; sourceTree = BUILT_PRODUCTS_DIR; };
/* End PBXFileReference section */

/* Begin PBXFrameworksBuildPhase section */
		6DA4759D1E8ABEE600B56D9B /* Frameworks */ = {
			isa = PBXFrameworksBuildPhase;
			buildActionMask = 2147483647;
			files = (
				E64FEE2CACB8805B71B05597 /* libPods-Teambrella.a in Frameworks */,
				6D8F97121E8D1529008DC62E /* Alamofire.framework in Frameworks */,
				6DFB8AC11EB22F77008FC8D9 /* SwiftSoup.framework in Frameworks */,
				6DEC07501E9BD59D0078F40E /* Kingfisher.framework in Frameworks */,
				6D8F97141E8D1532008DC62E /* SwiftyJSON.framework in Frameworks */,
			);
			runOnlyForDeploymentPostprocessing = 0;
		};
		6DA475B11E8ABEE600B56D9B /* Frameworks */ = {
			isa = PBXFrameworksBuildPhase;
			buildActionMask = 2147483647;
			files = (
				80F21A7C34B08754FB74C0D3 /* libPods-TeambrellaTests.a in Frameworks */,
			);
			runOnlyForDeploymentPostprocessing = 0;
		};
		6DA475BC1E8ABEE600B56D9B /* Frameworks */ = {
			isa = PBXFrameworksBuildPhase;
			buildActionMask = 2147483647;
			files = (
				E8C2DC7B371EF1F64A49B53A /* libPods-TeambrellaUITests.a in Frameworks */,
			);
			runOnlyForDeploymentPostprocessing = 0;
		};
/* End PBXFrameworksBuildPhase section */

/* Begin PBXGroup section */
		5BD17B853E94E5AE1E9DCBE6 /* Pods */ = {
			isa = PBXGroup;
			children = (
				86EB091347EC7E27BBAD1C82 /* Pods-Teambrella.debug.xcconfig */,
				38D8148D9413F43D44EA5AFF /* Pods-Teambrella.release.xcconfig */,
				63613F4D9AC88C9CBF2AB08E /* Pods-TeambrellaTests.debug.xcconfig */,
				0955ADF5D5781C76472099AB /* Pods-TeambrellaTests.release.xcconfig */,
				5A31D4B51EC413D689755DD8 /* Pods-TeambrellaUITests.debug.xcconfig */,
				EFA9DEFD913DBBA749086C64 /* Pods-TeambrellaUITests.release.xcconfig */,
			);
			name = Pods;
			sourceTree = "<group>";
		};
		6D097E991E9D1A0000E77DAB /* Localizations */ = {
			isa = PBXGroup;
			children = (
				6D097E951E9D19F400E77DAB /* Test.strings */,
				6D097E9A1E9D1AD200E77DAB /* Test.stringsdict */,
				6D097EA61E9D220A00E77DAB /* General.strings */,
			);
			name = Localizations;
			sourceTree = "<group>";
		};
		6D1C039D1EB8D173004AED30 /* Main */ = {
			isa = PBXGroup;
			children = (
			);
			name = Main;
			sourceTree = "<group>";
		};
		6D1C23851E8EA45A009B05A3 /* Helpers */ = {
			isa = PBXGroup;
			children = (
				6D1C23861E8EA472009B05A3 /* Extensions */,
			);
			name = Helpers;
			sourceTree = "<group>";
		};
		6D1C23861E8EA472009B05A3 /* Extensions */ = {
			isa = PBXGroup;
			children = (
				CBDFE16BB5E7B5B758559237 /* String.swift */,
				6D1C23871E8EA99F009B05A3 /* Data.swift */,
				6D829AA21EB0BE1A0051F43A /* UIColor.swift */,
				6D829AA41EB0D6860051F43A /* Random.swift */,
				6D91BC031EB3900700FDC332 /* UUID.swift */,
				6D1C03A01EB8D4A2004AED30 /* UIView.swift */,
				6D1C03A21EB8D4D6004AED30 /* NSObject.swift */,
				6DD12EC91EC5AF7C00BE1CC4 /* Mirror.swift */,
				6DD12ECB1EC75C2C00BE1CC4 /* Date.swift */,
				6DCB9F561ECA0A45000B48C4 /* Decimal.swift */,
			);
			name = Extensions;
			sourceTree = "<group>";
		};
		6D48BC7A1EA6492200235324 /* Entities */ = {
			isa = PBXGroup;
			children = (
				6DC60B6C1EA74996007D285C /* BtcAddress.swift */,
				6DC60B6E1EA749B5007D285C /* Cosigner.swift */,
				6DC60B701EA749D4007D285C /* TxInput.swift */,
				6DC60B721EA749F1007D285C /* TxOutput.swift */,
				6DC60B741EA74A08007D285C /* PayTo.swift */,
				6DC60B761EA74A9B007D285C /* TxSignature.swift */,
				6DC60B781EA74F13007D285C /* Team.swift */,
				6DC60B7A1EA74F24007D285C /* Teammate.swift */,
				6DC60B7C1EA74F3D007D285C /* Tx.swift */,
				6D113C9A1EC379E900D5FE75 /* User.swift */,
			);
			name = Entities;
			path = ..;
			sourceTree = "<group>";
		};
		6D5988841EA4BDF60046237F /* Services */ = {
			isa = PBXGroup;
			children = (
				6D8F971D1E8D6548008DC62E /* Bitcoin */,
				6D7186EF1EA5160600257463 /* Storage */,
				6DF77A541EC471F2003C3A69 /* BlockchainDateFormatter.swift */,
			);
			name = Services;
			sourceTree = "<group>";
		};
		6D7186EF1EA5160600257463 /* Storage */ = {
			isa = PBXGroup;
			children = (
				6D48BC7A1EA6492200235324 /* Entities */,
				6D1454F11EA679E60054A547 /* EntityEnums.swift */,
				6D7186EA1EA513D700257463 /* BlockchainStorage.swift */,
				6D7186EC1EA515F400257463 /* TransactionsModel.xcdatamodeld */,
				6D48BC7B1EA64EC500235324 /* EntityFactory.swift */,
				6D35EFC61EAF8B4900696B42 /* BlockchainStorageFetcher.swift */,
				6D5988821EA4BDEE0046237F /* BlockchainServer.swift */,
			);
			name = Storage;
			sourceTree = "<group>";
		};
		6D8F971D1E8D6548008DC62E /* Bitcoin */ = {
			isa = PBXGroup;
			children = (
				6D1C23831E8E97CF009B05A3 /* Key.swift */,
				6D113C981EC34B7600D5FE75 /* SignHelper.swift */,
				6D7EB77D1EA8E0560070AFB7 /* BlockchainService.swift */,
			);
			name = Bitcoin;
			sourceTree = "<group>";
		};
		6D91BC051EB3966400FDC332 /* BlockchainTransactions */ = {
			isa = PBXGroup;
			children = (
				6D73C6DF1EBB36A700A2C0F8 /* Transactions.storyboard */,
				6D7186E61EA4FC3600257463 /* TransactionsVC.swift */,
				6D35EFC41EAF8AB700696B42 /* TransactionsresultTVC.swift */,
				6D35EFC81EAF931000696B42 /* TransactionsTeammateVC.swift */,
				6D35EFCA1EAF982A00696B42 /* TeamDetailsVC.swift */,
				6D73C6E11EBB374D00A2C0F8 /* PaymentsTVC.swift */,
				6D73C6E31EBB3F0800A2C0F8 /* TransactionCell.swift */,
			);
			name = BlockchainTransactions;
			sourceTree = "<group>";
		};
		6DA475971E8ABEE600B56D9B = {
			isa = PBXGroup;
			children = (
				6DA475A21E8ABEE600B56D9B /* Teambrella */,
				6DDC65181E9FCEAA00529A60 /* Blockchain */,
				6DA475B71E8ABEE600B56D9B /* TeambrellaTests */,
				6DA475C21E8ABEE600B56D9B /* TeambrellaUITests */,
				6DA475A11E8ABEE600B56D9B /* Products */,
				5BD17B853E94E5AE1E9DCBE6 /* Pods */,
				A3DA38407FE7184F4611CDC0 /* Frameworks */,
				6D8F97171E8D1673008DC62E /* Teambrella-Bridging-Header.h */,
			);
			sourceTree = "<group>";
		};
		6DA475A11E8ABEE600B56D9B /* Products */ = {
			isa = PBXGroup;
			children = (
				6DA475A01E8ABEE600B56D9B /* Teambrella.app */,
				6DA475B41E8ABEE600B56D9B /* TeambrellaTests.xctest */,
				6DA475BF1E8ABEE600B56D9B /* TeambrellaUITests.xctest */,
			);
			name = Products;
			sourceTree = "<group>";
		};
		6DA475A21E8ABEE600B56D9B /* Teambrella */ = {
			isa = PBXGroup;
			children = (
				6D1C23851E8EA45A009B05A3 /* Helpers */,
				6D097E991E9D1A0000E77DAB /* Localizations */,
				6DA475D51E8BB9DF00B56D9B /* Model */,
				6DA475DA1E8BC8EF00B56D9B /* Scenes */,
				6DA475DC1E8BCAA000B56D9B /* SupportingFiles */,
				6DD7F4191EB9DAF4001E7733 /* View */,
			);
			path = Teambrella;
			sourceTree = "<group>";
		};
		6DA475B71E8ABEE600B56D9B /* TeambrellaTests */ = {
			isa = PBXGroup;
			children = (
				6DA475BA1E8ABEE600B56D9B /* Info.plist */,
				6D91BC061EB3A79100FDC332 /* UUIDTests.swift */,
				6DCB9F541EC9FF20000B48C4 /* FetchTests.swift */,
			);
			path = TeambrellaTests;
			sourceTree = "<group>";
		};
		6DA475C21E8ABEE600B56D9B /* TeambrellaUITests */ = {
			isa = PBXGroup;
			children = (
				6DA475C31E8ABEE600B56D9B /* TeambrellaUITests.swift */,
				6DA475C51E8ABEE600B56D9B /* Info.plist */,
			);
			path = TeambrellaUITests;
			sourceTree = "<group>";
		};
		6DA475D51E8BB9DF00B56D9B /* Model */ = {
			isa = PBXGroup;
			children = (
				6DCC7AC91E9551B40092D3F2 /* Entities */,
				CBDFEB55A4BBBA3AFFA3CB9C /* Enums */,
				6DCC7ACA1E9551BD0092D3F2 /* Protocols */,
				6DA475D61E8BB9F000B56D9B /* Services */,
				6DA475D81E8BBD2A00B56D9B /* TeambrellaError.swift */,
			);
			name = Model;
			sourceTree = "<group>";
		};
		6DA475D61E8BB9F000B56D9B /* Services */ = {
			isa = PBXGroup;
			children = (
				6DA475D71E8BBA0800B56D9B /* Networking */,
				6DEC6DFA1E966AB400ACC119 /* Transformers */,
				6DCC7AC31E93A6920092D3F2 /* Services.swift */,
			);
			name = Services;
			sourceTree = "<group>";
		};
		6DA475D71E8BBA0800B56D9B /* Networking */ = {
			isa = PBXGroup;
			children = (
				6DA475D31E8BB95200B56D9B /* AmbrellaRequest.swift */,
				6DA475DE1E8BE30000B56D9B /* RequestBody.swift */,
				CBDFEA3415104DFFD0D751C7 /* ServerService.swift */,
			);
			name = Networking;
			sourceTree = "<group>";
		};
		6DA475DA1E8BC8EF00B56D9B /* Scenes */ = {
			isa = PBXGroup;
			children = (
				6D1C039D1EB8D173004AED30 /* Main */,
				6D91BC051EB3966400FDC332 /* BlockchainTransactions */,
				6DEC074A1E9BCF330078F40E /* Samples */,
				6DA475DB1E8BC8FF00B56D9B /* Test */,
				6DA475A71E8ABEE600B56D9B /* Main.storyboard */,
			);
			name = Scenes;
			sourceTree = "<group>";
		};
		6DA475DB1E8BC8FF00B56D9B /* Test */ = {
			isa = PBXGroup;
			children = (
				CBDFE17963037A77339EB5F7 /* ViewController.swift */,
			);
			name = Test;
			sourceTree = "<group>";
		};
		6DA475DC1E8BCAA000B56D9B /* SupportingFiles */ = {
			isa = PBXGroup;
			children = (
				6DA475A31E8ABEE600B56D9B /* AppDelegate.swift */,
				6DA475AA1E8ABEE600B56D9B /* Assets.xcassets */,
				6DA475AF1E8ABEE600B56D9B /* Info.plist */,
				6DA475AC1E8ABEE600B56D9B /* LaunchScreen.storyboard */,
			);
			name = SupportingFiles;
			sourceTree = "<group>";
		};
		6DCC7AC91E9551B40092D3F2 /* Entities */ = {
			isa = PBXGroup;
			children = (
				6DEC07551E9BF7170078F40E /* ExtendedTeammateEntity.swift */,
				6DEC6DF41E96673600ACC119 /* PostEntity.swift */,
				6DCC7AC71E95398D0092D3F2 /* TeammateEntity.swift */,
				6D097EAE1E9D3BD200E77DAB /* TopicEntity.swift */,
			);
			name = Entities;
			sourceTree = "<group>";
		};
		6DCC7ACA1E9551BD0092D3F2 /* Protocols */ = {
			isa = PBXGroup;
			children = (
				6DEC6DF61E96690B00ACC119 /* EntityLike.swift */,
				6DEC07531E9BF6600078F40E /* ExtendedTeammate.swift */,
				6D097EA41E9D219A00E77DAB /* Nameable.swift */,
				6DEC6DF21E96670D00ACC119 /* Post.swift */,
				CBDFEE452041D08B61C13CF8 /* TeammateLike.swift */,
				6D097EAA1E9D390200E77DAB /* Topic.swift */,
			);
			name = Protocols;
			sourceTree = "<group>";
		};
		6DD7F4191EB9DAF4001E7733 /* View */ = {
			isa = PBXGroup;
			children = (
				6DD7F41A1EB9DB3A001E7733 /* RoundImageView.swift */,
				6DD7F41C1EB9FD8A001E7733 /* RoundImagesStack.swift */,
			);
			name = View;
			sourceTree = "<group>";
		};
		6DDC65181E9FCEAA00529A60 /* Blockchain */ = {
			isa = PBXGroup;
			children = (
				6D5988841EA4BDF60046237F /* Services */,
				6DF77A7C1EC4C8A7003C3A69 /* TeambrellaService.swift */,
			);
			name = Blockchain;
			path = Teambrella;
			sourceTree = "<group>";
		};
		6DEC074A1E9BCF330078F40E /* Samples */ = {
			isa = PBXGroup;
			children = (
				6D1C039E1EB8D37D004AED30 /* Sample.storyboard */,
				6DEC074D1E9BD1DB0078F40E /* TeammatesCell.swift */,
				6DEC074B1E9BCF700078F40E /* TeammatesTVC.swift */,
				6DEC07511E9BDA310078F40E /* TeammateVC.swift */,
				6DFB8ABA1EB20709008FC8D9 /* ThreadTVC.swift */,
				6DFB8ABE1EB21CFD008FC8D9 /* ThreadPostCell.swift */,
			);
			name = Samples;
			sourceTree = "<group>";
		};
		6DEC6DFA1E966AB400ACC119 /* Transformers */ = {
			isa = PBXGroup;
			children = (
				6DEC6DF81E966AA900ACC119 /* TransformerService.swift */,
			);
			name = Transformers;
			sourceTree = "<group>";
		};
		A3DA38407FE7184F4611CDC0 /* Frameworks */ = {
			isa = PBXGroup;
			children = (
				6DFB8AC01EB22F77008FC8D9 /* SwiftSoup.framework */,
				6D8F97111E8D1529008DC62E /* Alamofire.framework */,
				6DEC074F1E9BD59D0078F40E /* Kingfisher.framework */,
				6D8F97131E8D1532008DC62E /* SwiftyJSON.framework */,
				F7B19441614AAC2A2CE06DE7 /* libPods-Teambrella.a */,
				EF97D18D2974A521C3D2CC62 /* libPods-TeambrellaTests.a */,
				BC8626132073AB752667A90E /* libPods-TeambrellaUITests.a */,
			);
			name = Frameworks;
			sourceTree = "<group>";
		};
		CBDFEB55A4BBBA3AFFA3CB9C /* Enums */ = {
			isa = PBXGroup;
			children = (
				6D097E9E1E9D215500E77DAB /* ClaimState.swift */,
				CBDFEA66BB8C99B198619010 /* MaritalStatus.swift */,
				6D097E9F1E9D215500E77DAB /* TeammateState.swift */,
				6D097EA01E9D215500E77DAB /* TeammateType.swift */,
			);
			name = Enums;
			sourceTree = "<group>";
		};
/* End PBXGroup section */

/* Begin PBXNativeTarget section */
		6DA4759F1E8ABEE600B56D9B /* Teambrella */ = {
			isa = PBXNativeTarget;
			buildConfigurationList = 6DA475C81E8ABEE600B56D9B /* Build configuration list for PBXNativeTarget "Teambrella" */;
			buildPhases = (
				5BF653B1A5278B620E9E183E /* [CP] Check Pods Manifest.lock */,
				6DA4759C1E8ABEE600B56D9B /* Sources */,
				6DA4759D1E8ABEE600B56D9B /* Frameworks */,
				6DA4759E1E8ABEE600B56D9B /* Resources */,
				6D8F97161E8D15B5008DC62E /* Carthage */,
				E02813D464CF735903FDEC9D /* [CP] Embed Pods Frameworks */,
				8CD7C238ED8CE72CDAECD7D2 /* [CP] Copy Pods Resources */,
				6DA475DD1E8BCDB000B56D9B /* SwiftLint */,
				6DC60B7E1EA7B805007D285C /* CPD */,
			);
			buildRules = (
			);
			dependencies = (
			);
			name = Teambrella;
			productName = Teambrella;
			productReference = 6DA475A01E8ABEE600B56D9B /* Teambrella.app */;
			productType = "com.apple.product-type.application";
		};
		6DA475B31E8ABEE600B56D9B /* TeambrellaTests */ = {
			isa = PBXNativeTarget;
			buildConfigurationList = 6DA475CB1E8ABEE600B56D9B /* Build configuration list for PBXNativeTarget "TeambrellaTests" */;
			buildPhases = (
				5367BD3EC56B804CAF87F366 /* [CP] Check Pods Manifest.lock */,
				6DA475B01E8ABEE600B56D9B /* Sources */,
				6DA475B11E8ABEE600B56D9B /* Frameworks */,
				6DA475B21E8ABEE600B56D9B /* Resources */,
				65B64BFEA424A8A8035DD14A /* [CP] Embed Pods Frameworks */,
				FF1ABC26A0AA529738031605 /* [CP] Copy Pods Resources */,
			);
			buildRules = (
			);
			dependencies = (
				6DA475B61E8ABEE600B56D9B /* PBXTargetDependency */,
			);
			name = TeambrellaTests;
			productName = TeambrellaTests;
			productReference = 6DA475B41E8ABEE600B56D9B /* TeambrellaTests.xctest */;
			productType = "com.apple.product-type.bundle.unit-test";
		};
		6DA475BE1E8ABEE600B56D9B /* TeambrellaUITests */ = {
			isa = PBXNativeTarget;
			buildConfigurationList = 6DA475CE1E8ABEE600B56D9B /* Build configuration list for PBXNativeTarget "TeambrellaUITests" */;
			buildPhases = (
				150C04EA9F8F1D59BEA3CD42 /* [CP] Check Pods Manifest.lock */,
				6DA475BB1E8ABEE600B56D9B /* Sources */,
				6DA475BC1E8ABEE600B56D9B /* Frameworks */,
				6DA475BD1E8ABEE600B56D9B /* Resources */,
				AEB55CFDE3978A0BADFC1663 /* [CP] Embed Pods Frameworks */,
				09A7BA403CBC98EF04A1CC7C /* [CP] Copy Pods Resources */,
			);
			buildRules = (
			);
			dependencies = (
				6DA475C11E8ABEE600B56D9B /* PBXTargetDependency */,
			);
			name = TeambrellaUITests;
			productName = TeambrellaUITests;
			productReference = 6DA475BF1E8ABEE600B56D9B /* TeambrellaUITests.xctest */;
			productType = "com.apple.product-type.bundle.ui-testing";
		};
/* End PBXNativeTarget section */

/* Begin PBXProject section */
		6DA475981E8ABEE600B56D9B /* Project object */ = {
			isa = PBXProject;
			attributes = {
				LastSwiftUpdateCheck = 0830;
				LastUpgradeCheck = 0830;
				ORGANIZATIONNAME = "Yaroslav Pasternak";
				TargetAttributes = {
					6DA4759F1E8ABEE600B56D9B = {
						CreatedOnToolsVersion = 8.3;
						DevelopmentTeam = 2794N3T97K;
						LastSwiftMigration = 0830;
						ProvisioningStyle = Automatic;
					};
					6DA475B31E8ABEE600B56D9B = {
						CreatedOnToolsVersion = 8.3;
						ProvisioningStyle = Automatic;
						TestTargetID = 6DA4759F1E8ABEE600B56D9B;
					};
					6DA475BE1E8ABEE600B56D9B = {
						CreatedOnToolsVersion = 8.3;
						ProvisioningStyle = Automatic;
						TestTargetID = 6DA4759F1E8ABEE600B56D9B;
					};
				};
			};
			buildConfigurationList = 6DA4759B1E8ABEE600B56D9B /* Build configuration list for PBXProject "Teambrella" */;
			compatibilityVersion = "Xcode 3.2";
			developmentRegion = English;
			hasScannedForEncodings = 0;
			knownRegions = (
				en,
				Base,
				es,
			);
			mainGroup = 6DA475971E8ABEE600B56D9B;
			productRefGroup = 6DA475A11E8ABEE600B56D9B /* Products */;
			projectDirPath = "";
			projectRoot = "";
			targets = (
				6DA4759F1E8ABEE600B56D9B /* Teambrella */,
				6DA475B31E8ABEE600B56D9B /* TeambrellaTests */,
				6DA475BE1E8ABEE600B56D9B /* TeambrellaUITests */,
			);
		};
/* End PBXProject section */

/* Begin PBXResourcesBuildPhase section */
		6DA4759E1E8ABEE600B56D9B /* Resources */ = {
			isa = PBXResourcesBuildPhase;
			buildActionMask = 2147483647;
			files = (
				6D1C039F1EB8D37D004AED30 /* Sample.storyboard in Resources */,
				6D097E971E9D19F400E77DAB /* Test.strings in Resources */,
				6DA475AE1E8ABEE600B56D9B /* LaunchScreen.storyboard in Resources */,
				6DA475AB1E8ABEE600B56D9B /* Assets.xcassets in Resources */,
				6D097EA81E9D220A00E77DAB /* General.strings in Resources */,
				6D097E9C1E9D1AD200E77DAB /* Test.stringsdict in Resources */,
				6DA475A91E8ABEE600B56D9B /* Main.storyboard in Resources */,
				6D73C6E01EBB36A700A2C0F8 /* Transactions.storyboard in Resources */,
			);
			runOnlyForDeploymentPostprocessing = 0;
		};
		6DA475B21E8ABEE600B56D9B /* Resources */ = {
			isa = PBXResourcesBuildPhase;
			buildActionMask = 2147483647;
			files = (
			);
			runOnlyForDeploymentPostprocessing = 0;
		};
		6DA475BD1E8ABEE600B56D9B /* Resources */ = {
			isa = PBXResourcesBuildPhase;
			buildActionMask = 2147483647;
			files = (
			);
			runOnlyForDeploymentPostprocessing = 0;
		};
/* End PBXResourcesBuildPhase section */

/* Begin PBXShellScriptBuildPhase section */
		09A7BA403CBC98EF04A1CC7C /* [CP] Copy Pods Resources */ = {
			isa = PBXShellScriptBuildPhase;
			buildActionMask = 2147483647;
			files = (
			);
			inputPaths = (
			);
			name = "[CP] Copy Pods Resources";
			outputPaths = (
			);
			runOnlyForDeploymentPostprocessing = 0;
			shellPath = /bin/sh;
			shellScript = "\"${SRCROOT}/Pods/Target Support Files/Pods-TeambrellaUITests/Pods-TeambrellaUITests-resources.sh\"\n";
			showEnvVarsInLog = 0;
		};
		150C04EA9F8F1D59BEA3CD42 /* [CP] Check Pods Manifest.lock */ = {
			isa = PBXShellScriptBuildPhase;
			buildActionMask = 2147483647;
			files = (
			);
			inputPaths = (
			);
			name = "[CP] Check Pods Manifest.lock";
			outputPaths = (
			);
			runOnlyForDeploymentPostprocessing = 0;
			shellPath = /bin/sh;
			shellScript = "diff \"${PODS_PODFILE_DIR_PATH}/Podfile.lock\" \"${PODS_ROOT}/Manifest.lock\" > /dev/null\nif [ $? != 0 ] ; then\n    # print error to STDERR\n    echo \"error: The sandbox is not in sync with the Podfile.lock. Run 'pod install' or update your CocoaPods installation.\" >&2\n    exit 1\nfi\n";
			showEnvVarsInLog = 0;
		};
		5367BD3EC56B804CAF87F366 /* [CP] Check Pods Manifest.lock */ = {
			isa = PBXShellScriptBuildPhase;
			buildActionMask = 2147483647;
			files = (
			);
			inputPaths = (
			);
			name = "[CP] Check Pods Manifest.lock";
			outputPaths = (
			);
			runOnlyForDeploymentPostprocessing = 0;
			shellPath = /bin/sh;
			shellScript = "diff \"${PODS_PODFILE_DIR_PATH}/Podfile.lock\" \"${PODS_ROOT}/Manifest.lock\" > /dev/null\nif [ $? != 0 ] ; then\n    # print error to STDERR\n    echo \"error: The sandbox is not in sync with the Podfile.lock. Run 'pod install' or update your CocoaPods installation.\" >&2\n    exit 1\nfi\n";
			showEnvVarsInLog = 0;
		};
		5BF653B1A5278B620E9E183E /* [CP] Check Pods Manifest.lock */ = {
			isa = PBXShellScriptBuildPhase;
			buildActionMask = 12;
			files = (
			);
			inputPaths = (
			);
			name = "[CP] Check Pods Manifest.lock";
			outputPaths = (
			);
			runOnlyForDeploymentPostprocessing = 0;
			shellPath = /bin/sh;
			shellScript = "diff \"${PODS_PODFILE_DIR_PATH}/Podfile.lock\" \"${PODS_ROOT}/Manifest.lock\" > /dev/null\nif [ $? != 0 ] ; then\n    # print error to STDERR\n    echo \"error: The sandbox is not in sync with the Podfile.lock. Run 'pod install' or update your CocoaPods installation.\" >&2\n    exit 1\nfi\n";
			showEnvVarsInLog = 0;
		};
		65B64BFEA424A8A8035DD14A /* [CP] Embed Pods Frameworks */ = {
			isa = PBXShellScriptBuildPhase;
			buildActionMask = 2147483647;
			files = (
			);
			inputPaths = (
			);
			name = "[CP] Embed Pods Frameworks";
			outputPaths = (
			);
			runOnlyForDeploymentPostprocessing = 0;
			shellPath = /bin/sh;
			shellScript = "\"${SRCROOT}/Pods/Target Support Files/Pods-TeambrellaTests/Pods-TeambrellaTests-frameworks.sh\"\n";
			showEnvVarsInLog = 0;
		};
		6D8F97161E8D15B5008DC62E /* Carthage */ = {
			isa = PBXShellScriptBuildPhase;
			buildActionMask = 2147483647;
			files = (
			);
			inputPaths = (
				"$(SRCROOT)/Carthage/Build/iOS/Alamofire.framework",
				"$(SRCROOT)//Carthage/Build/iOS/SwiftyJSON.framework",
				"$(SRCROOT)/Carthage/Build/iOS/Kingfisher.framework",
				"$(SRCROOT)/Carthage/Build/iOS/SwiftSoup.framework",
			);
			name = Carthage;
			outputPaths = (
			);
			runOnlyForDeploymentPostprocessing = 0;
			shellPath = /bin/sh;
			shellScript = "/usr/local/bin/carthage copy-frameworks";
		};
		6DA475DD1E8BCDB000B56D9B /* SwiftLint */ = {
			isa = PBXShellScriptBuildPhase;
			buildActionMask = 2147483647;
			files = (
			);
			inputPaths = (
			);
			name = SwiftLint;
			outputPaths = (
			);
			runOnlyForDeploymentPostprocessing = 0;
			shellPath = /bin/sh;
			shellScript = "if which swiftlint >/dev/null; then\nswiftlint\nelse\necho \"warning: SwiftLint not installed, download from https://github.com/realm/SwiftLint\"\nfi";
		};
		6DC60B7E1EA7B805007D285C /* CPD */ = {
			isa = PBXShellScriptBuildPhase;
			buildActionMask = 2147483647;
			files = (
			);
			inputPaths = (
			);
			name = CPD;
			outputPaths = (
			);
			runOnlyForDeploymentPostprocessing = 0;
			shellPath = /bin/sh;
			shellScript = "# Running CPD\npmd cpd --files ${EXECUTABLE_NAME} --minimum-tokens 50 --language swift --encoding UTF-8 --format net.sourceforge.pmd.cpd.XMLRenderer > cpd-output.xml --failOnViolation false\n# Running script\nphp ./cpd_script.php -cpd-xml cpd-output.xml";
		};
		8CD7C238ED8CE72CDAECD7D2 /* [CP] Copy Pods Resources */ = {
			isa = PBXShellScriptBuildPhase;
			buildActionMask = 2147483647;
			files = (
			);
			inputPaths = (
			);
			name = "[CP] Copy Pods Resources";
			outputPaths = (
			);
			runOnlyForDeploymentPostprocessing = 0;
			shellPath = /bin/sh;
			shellScript = "\"${SRCROOT}/Pods/Target Support Files/Pods-Teambrella/Pods-Teambrella-resources.sh\"\n";
			showEnvVarsInLog = 0;
		};
		AEB55CFDE3978A0BADFC1663 /* [CP] Embed Pods Frameworks */ = {
			isa = PBXShellScriptBuildPhase;
			buildActionMask = 2147483647;
			files = (
			);
			inputPaths = (
			);
			name = "[CP] Embed Pods Frameworks";
			outputPaths = (
			);
			runOnlyForDeploymentPostprocessing = 0;
			shellPath = /bin/sh;
			shellScript = "\"${SRCROOT}/Pods/Target Support Files/Pods-TeambrellaUITests/Pods-TeambrellaUITests-frameworks.sh\"\n";
			showEnvVarsInLog = 0;
		};
		E02813D464CF735903FDEC9D /* [CP] Embed Pods Frameworks */ = {
			isa = PBXShellScriptBuildPhase;
			buildActionMask = 2147483647;
			files = (
			);
			inputPaths = (
			);
			name = "[CP] Embed Pods Frameworks";
			outputPaths = (
			);
			runOnlyForDeploymentPostprocessing = 0;
			shellPath = /bin/sh;
			shellScript = "\"${SRCROOT}/Pods/Target Support Files/Pods-Teambrella/Pods-Teambrella-frameworks.sh\"\n";
			showEnvVarsInLog = 0;
		};
		FF1ABC26A0AA529738031605 /* [CP] Copy Pods Resources */ = {
			isa = PBXShellScriptBuildPhase;
			buildActionMask = 2147483647;
			files = (
			);
			inputPaths = (
			);
			name = "[CP] Copy Pods Resources";
			outputPaths = (
			);
			runOnlyForDeploymentPostprocessing = 0;
			shellPath = /bin/sh;
			shellScript = "\"${SRCROOT}/Pods/Target Support Files/Pods-TeambrellaTests/Pods-TeambrellaTests-resources.sh\"\n";
			showEnvVarsInLog = 0;
		};
/* End PBXShellScriptBuildPhase section */

/* Begin PBXSourcesBuildPhase section */
		6DA4759C1E8ABEE600B56D9B /* Sources */ = {
			isa = PBXSourcesBuildPhase;
			buildActionMask = 2147483647;
			files = (
				6DCC7AC41E93A6920092D3F2 /* Services.swift in Sources */,
				6D7EB77E1EA8E0560070AFB7 /* BlockchainService.swift in Sources */,
				6DA475D91E8BBD2A00B56D9B /* TeambrellaError.swift in Sources */,
				6D097EAF1E9D3BD200E77DAB /* TopicEntity.swift in Sources */,
				6D113C9B1EC379E900D5FE75 /* User.swift in Sources */,
				6D5988831EA4BDEE0046237F /* BlockchainServer.swift in Sources */,
				6D1C23881E8EA99F009B05A3 /* Data.swift in Sources */,
				6DD12ECC1EC75C2C00BE1CC4 /* Date.swift in Sources */,
				6D48BC7C1EA64EC500235324 /* EntityFactory.swift in Sources */,
				6D097EA31E9D215500E77DAB /* TeammateType.swift in Sources */,
				6D829AA31EB0BE1A0051F43A /* UIColor.swift in Sources */,
				6DCB9F571ECA0A45000B48C4 /* Decimal.swift in Sources */,
				6DF77A551EC471F2003C3A69 /* BlockchainDateFormatter.swift in Sources */,
				6DEC6DF51E96673600ACC119 /* PostEntity.swift in Sources */,
				6DA475D41E8BB95200B56D9B /* AmbrellaRequest.swift in Sources */,
				6D35EFC51EAF8AB700696B42 /* TransactionsresultTVC.swift in Sources */,
				6D1C23841E8E97CF009B05A3 /* Key.swift in Sources */,
				6D35EFCB1EAF982A00696B42 /* TeamDetailsVC.swift in Sources */,
				6D35EFC91EAF931000696B42 /* TransactionsTeammateVC.swift in Sources */,
				6DCC7AC81E95398D0092D3F2 /* TeammateEntity.swift in Sources */,
				6DC60B6D1EA74996007D285C /* BtcAddress.swift in Sources */,
				6D35EFC71EAF8B4900696B42 /* BlockchainStorageFetcher.swift in Sources */,
				6DEC07521E9BDA310078F40E /* TeammateVC.swift in Sources */,
				6D91BC041EB3900700FDC332 /* UUID.swift in Sources */,
				6DD7F41D1EB9FD8A001E7733 /* RoundImagesStack.swift in Sources */,
				6DC60B7D1EA74F3D007D285C /* Tx.swift in Sources */,
				6DC60B7B1EA74F24007D285C /* Teammate.swift in Sources */,
				6DA475A41E8ABEE600B56D9B /* AppDelegate.swift in Sources */,
				6D1C03A11EB8D4A2004AED30 /* UIView.swift in Sources */,
				6DC60B731EA749F1007D285C /* TxOutput.swift in Sources */,
				6D7186EE1EA515F400257463 /* TransactionsModel.xcdatamodeld in Sources */,
				6DC60B771EA74A9B007D285C /* TxSignature.swift in Sources */,
				6DC60B751EA74A08007D285C /* PayTo.swift in Sources */,
				6D113C991EC34B7600D5FE75 /* SignHelper.swift in Sources */,
				6DC60B6F1EA749B5007D285C /* Cosigner.swift in Sources */,
				6DFB8ABB1EB20709008FC8D9 /* ThreadTVC.swift in Sources */,
				6D097EA51E9D219A00E77DAB /* Nameable.swift in Sources */,
				6DD12ECA1EC5AF7C00BE1CC4 /* Mirror.swift in Sources */,
				6DEC6DF91E966AA900ACC119 /* TransformerService.swift in Sources */,
				CBDFE767664CC051784BF271 /* ServerService.swift in Sources */,
				6D097EAB1E9D390200E77DAB /* Topic.swift in Sources */,
				6DEC6DF71E96690B00ACC119 /* EntityLike.swift in Sources */,
				6DF77A7D1EC4C8A7003C3A69 /* TeambrellaService.swift in Sources */,
				6D1C03A31EB8D4D6004AED30 /* NSObject.swift in Sources */,
				6DC60B711EA749D4007D285C /* TxInput.swift in Sources */,
				6DEC6DF31E96670D00ACC119 /* Post.swift in Sources */,
				6D7186E71EA4FC3600257463 /* TransactionsVC.swift in Sources */,
				6D097EA21E9D215500E77DAB /* TeammateState.swift in Sources */,
				CBDFEBF8E6B7F6BC0422AE92 /* ViewController.swift in Sources */,
				6D7186EB1EA513D700257463 /* BlockchainStorage.swift in Sources */,
				6D097EA11E9D215500E77DAB /* ClaimState.swift in Sources */,
				6DC60B791EA74F13007D285C /* Team.swift in Sources */,
				6DA475DF1E8BE30000B56D9B /* RequestBody.swift in Sources */,
				6D1454F21EA679E60054A547 /* EntityEnums.swift in Sources */,
				6DEC074E1E9BD1DB0078F40E /* TeammatesCell.swift in Sources */,
				6D73C6E21EBB374D00A2C0F8 /* PaymentsTVC.swift in Sources */,
				6DD7F41B1EB9DB3A001E7733 /* RoundImageView.swift in Sources */,
				CBDFE3B8E39275922CDCC041 /* String.swift in Sources */,
				CBDFE00DB06001B8DB766097 /* TeammateLike.swift in Sources */,
				6D829AA51EB0D6860051F43A /* Random.swift in Sources */,
				6DEC07561E9BF7170078F40E /* ExtendedTeammateEntity.swift in Sources */,
				CBDFE405B08DC2B3E63B8B8A /* MaritalStatus.swift in Sources */,
				6D73C6E41EBB3F0800A2C0F8 /* TransactionCell.swift in Sources */,
				6DFB8ABF1EB21CFD008FC8D9 /* ThreadPostCell.swift in Sources */,
				6DEC074C1E9BCF700078F40E /* TeammatesTVC.swift in Sources */,
				6DEC07541E9BF6600078F40E /* ExtendedTeammate.swift in Sources */,
			);
			runOnlyForDeploymentPostprocessing = 0;
		};
		6DA475B01E8ABEE600B56D9B /* Sources */ = {
			isa = PBXSourcesBuildPhase;
			buildActionMask = 2147483647;
			files = (
				6DCB9F551EC9FF20000B48C4 /* FetchTests.swift in Sources */,
				6D91BC071EB3A79100FDC332 /* UUIDTests.swift in Sources */,
			);
			runOnlyForDeploymentPostprocessing = 0;
		};
		6DA475BB1E8ABEE600B56D9B /* Sources */ = {
			isa = PBXSourcesBuildPhase;
			buildActionMask = 2147483647;
			files = (
				6DA475C41E8ABEE600B56D9B /* TeambrellaUITests.swift in Sources */,
			);
			runOnlyForDeploymentPostprocessing = 0;
		};
/* End PBXSourcesBuildPhase section */

/* Begin PBXTargetDependency section */
		6DA475B61E8ABEE600B56D9B /* PBXTargetDependency */ = {
			isa = PBXTargetDependency;
			target = 6DA4759F1E8ABEE600B56D9B /* Teambrella */;
			targetProxy = 6DA475B51E8ABEE600B56D9B /* PBXContainerItemProxy */;
		};
		6DA475C11E8ABEE600B56D9B /* PBXTargetDependency */ = {
			isa = PBXTargetDependency;
			target = 6DA4759F1E8ABEE600B56D9B /* Teambrella */;
			targetProxy = 6DA475C01E8ABEE600B56D9B /* PBXContainerItemProxy */;
		};
/* End PBXTargetDependency section */

/* Begin PBXVariantGroup section */
		6D097E951E9D19F400E77DAB /* Test.strings */ = {
			isa = PBXVariantGroup;
			children = (
				6D097E961E9D19F400E77DAB /* en */,
				6D097E981E9D19FC00E77DAB /* es */,
			);
			name = Test.strings;
			sourceTree = "<group>";
		};
		6D097E9A1E9D1AD200E77DAB /* Test.stringsdict */ = {
			isa = PBXVariantGroup;
			children = (
				6D097E9B1E9D1AD200E77DAB /* en */,
				6D097E9D1E9D1BBF00E77DAB /* es */,
			);
			name = Test.stringsdict;
			sourceTree = "<group>";
		};
		6D097EA61E9D220A00E77DAB /* General.strings */ = {
			isa = PBXVariantGroup;
			children = (
				6D097EA71E9D220A00E77DAB /* en */,
				6D097EA91E9D230E00E77DAB /* es */,
			);
			name = General.strings;
			sourceTree = "<group>";
		};
		6DA475A71E8ABEE600B56D9B /* Main.storyboard */ = {
			isa = PBXVariantGroup;
			children = (
				6DA475A81E8ABEE600B56D9B /* Base */,
				6D097E931E9D181A00E77DAB /* es */,
			);
			name = Main.storyboard;
			sourceTree = "<group>";
		};
		6DA475AC1E8ABEE600B56D9B /* LaunchScreen.storyboard */ = {
			isa = PBXVariantGroup;
			children = (
				6DA475AD1E8ABEE600B56D9B /* Base */,
			);
			name = LaunchScreen.storyboard;
			sourceTree = "<group>";
		};
/* End PBXVariantGroup section */

/* Begin XCBuildConfiguration section */
		6DA475C61E8ABEE600B56D9B /* Debug */ = {
			isa = XCBuildConfiguration;
			buildSettings = {
				ALWAYS_SEARCH_USER_PATHS = NO;
				CLANG_ANALYZER_LOCALIZABILITY_NONLOCALIZED = YES;
				CLANG_ANALYZER_NONNULL = YES;
				CLANG_ANALYZER_NUMBER_OBJECT_CONVERSION = YES_AGGRESSIVE;
				CLANG_CXX_LANGUAGE_STANDARD = "gnu++0x";
				CLANG_CXX_LIBRARY = "libc++";
				CLANG_ENABLE_MODULES = YES;
				CLANG_ENABLE_OBJC_ARC = YES;
				CLANG_WARN_BOOL_CONVERSION = YES;
				CLANG_WARN_CONSTANT_CONVERSION = YES;
				CLANG_WARN_DIRECT_OBJC_ISA_USAGE = YES_ERROR;
				CLANG_WARN_DOCUMENTATION_COMMENTS = YES;
				CLANG_WARN_EMPTY_BODY = YES;
				CLANG_WARN_ENUM_CONVERSION = YES;
				CLANG_WARN_INFINITE_RECURSION = YES;
				CLANG_WARN_INT_CONVERSION = YES;
				CLANG_WARN_OBJC_ROOT_CLASS = YES_ERROR;
				CLANG_WARN_SUSPICIOUS_MOVE = YES;
				CLANG_WARN_UNREACHABLE_CODE = YES;
				CLANG_WARN__DUPLICATE_METHOD_MATCH = YES;
				"CODE_SIGN_IDENTITY[sdk=iphoneos*]" = "iPhone Developer";
				COPY_PHASE_STRIP = NO;
				DEBUG_INFORMATION_FORMAT = dwarf;
				ENABLE_STRICT_OBJC_MSGSEND = YES;
				ENABLE_TESTABILITY = YES;
				GCC_C_LANGUAGE_STANDARD = gnu99;
				GCC_DYNAMIC_NO_PIC = NO;
				GCC_NO_COMMON_BLOCKS = YES;
				GCC_OPTIMIZATION_LEVEL = 0;
				GCC_PREPROCESSOR_DEFINITIONS = (
					"DEBUG=1",
					"$(inherited)",
				);
				GCC_WARN_64_TO_32_BIT_CONVERSION = YES;
				GCC_WARN_ABOUT_RETURN_TYPE = YES_ERROR;
				GCC_WARN_UNDECLARED_SELECTOR = YES;
				GCC_WARN_UNINITIALIZED_AUTOS = YES_AGGRESSIVE;
				GCC_WARN_UNUSED_FUNCTION = YES;
				GCC_WARN_UNUSED_VARIABLE = YES;
				IPHONEOS_DEPLOYMENT_TARGET = 10.3;
				MTL_ENABLE_DEBUG_INFO = YES;
				ONLY_ACTIVE_ARCH = YES;
				SDKROOT = iphoneos;
				SWIFT_ACTIVE_COMPILATION_CONDITIONS = DEBUG;
				SWIFT_OPTIMIZATION_LEVEL = "-Onone";
				TARGETED_DEVICE_FAMILY = "1,2";
			};
			name = Debug;
		};
		6DA475C71E8ABEE600B56D9B /* Release */ = {
			isa = XCBuildConfiguration;
			buildSettings = {
				ALWAYS_SEARCH_USER_PATHS = NO;
				CLANG_ANALYZER_LOCALIZABILITY_NONLOCALIZED = YES;
				CLANG_ANALYZER_NONNULL = YES;
				CLANG_ANALYZER_NUMBER_OBJECT_CONVERSION = YES_AGGRESSIVE;
				CLANG_CXX_LANGUAGE_STANDARD = "gnu++0x";
				CLANG_CXX_LIBRARY = "libc++";
				CLANG_ENABLE_MODULES = YES;
				CLANG_ENABLE_OBJC_ARC = YES;
				CLANG_WARN_BOOL_CONVERSION = YES;
				CLANG_WARN_CONSTANT_CONVERSION = YES;
				CLANG_WARN_DIRECT_OBJC_ISA_USAGE = YES_ERROR;
				CLANG_WARN_DOCUMENTATION_COMMENTS = YES;
				CLANG_WARN_EMPTY_BODY = YES;
				CLANG_WARN_ENUM_CONVERSION = YES;
				CLANG_WARN_INFINITE_RECURSION = YES;
				CLANG_WARN_INT_CONVERSION = YES;
				CLANG_WARN_OBJC_ROOT_CLASS = YES_ERROR;
				CLANG_WARN_SUSPICIOUS_MOVE = YES;
				CLANG_WARN_UNREACHABLE_CODE = YES;
				CLANG_WARN__DUPLICATE_METHOD_MATCH = YES;
				"CODE_SIGN_IDENTITY[sdk=iphoneos*]" = "iPhone Developer";
				COPY_PHASE_STRIP = NO;
				DEBUG_INFORMATION_FORMAT = "dwarf-with-dsym";
				ENABLE_NS_ASSERTIONS = NO;
				ENABLE_STRICT_OBJC_MSGSEND = YES;
				GCC_C_LANGUAGE_STANDARD = gnu99;
				GCC_NO_COMMON_BLOCKS = YES;
				GCC_WARN_64_TO_32_BIT_CONVERSION = YES;
				GCC_WARN_ABOUT_RETURN_TYPE = YES_ERROR;
				GCC_WARN_UNDECLARED_SELECTOR = YES;
				GCC_WARN_UNINITIALIZED_AUTOS = YES_AGGRESSIVE;
				GCC_WARN_UNUSED_FUNCTION = YES;
				GCC_WARN_UNUSED_VARIABLE = YES;
				IPHONEOS_DEPLOYMENT_TARGET = 10.3;
				MTL_ENABLE_DEBUG_INFO = NO;
				SDKROOT = iphoneos;
				SWIFT_OPTIMIZATION_LEVEL = "-Owholemodule";
				TARGETED_DEVICE_FAMILY = "1,2";
				VALIDATE_PRODUCT = YES;
			};
			name = Release;
		};
		6DA475C91E8ABEE600B56D9B /* Debug */ = {
			isa = XCBuildConfiguration;
			baseConfigurationReference = 86EB091347EC7E27BBAD1C82 /* Pods-Teambrella.debug.xcconfig */;
			buildSettings = {
				ALWAYS_EMBED_SWIFT_STANDARD_LIBRARIES = YES;
				ASSETCATALOG_COMPILER_APPICON_NAME = AppIcon;
				CLANG_ENABLE_MODULES = YES;
				DEVELOPMENT_TEAM = 2794N3T97K;
				FRAMEWORK_SEARCH_PATHS = (
					"$(inherited)",
					"$(PROJECT_DIR)/Carthage/Build/iOS",
				);
				INFOPLIST_FILE = Teambrella/Info.plist;
				LD_RUNPATH_SEARCH_PATHS = "$(inherited) @executable_path/Frameworks";
				PRODUCT_BUNDLE_IDENTIFIER = com.teambrella.ios;
				PRODUCT_NAME = "$(TARGET_NAME)";
				SWIFT_OBJC_BRIDGING_HEADER = "Teambrella-Bridging-Header.h";
				SWIFT_OPTIMIZATION_LEVEL = "-Onone";
				SWIFT_VERSION = 3.0;
			};
			name = Debug;
		};
		6DA475CA1E8ABEE600B56D9B /* Release */ = {
			isa = XCBuildConfiguration;
			baseConfigurationReference = 38D8148D9413F43D44EA5AFF /* Pods-Teambrella.release.xcconfig */;
			buildSettings = {
				ALWAYS_EMBED_SWIFT_STANDARD_LIBRARIES = YES;
				ASSETCATALOG_COMPILER_APPICON_NAME = AppIcon;
				CLANG_ENABLE_MODULES = YES;
				DEVELOPMENT_TEAM = 2794N3T97K;
				FRAMEWORK_SEARCH_PATHS = (
					"$(inherited)",
					"$(PROJECT_DIR)/Carthage/Build/iOS",
				);
				INFOPLIST_FILE = Teambrella/Info.plist;
				LD_RUNPATH_SEARCH_PATHS = "$(inherited) @executable_path/Frameworks";
				PRODUCT_BUNDLE_IDENTIFIER = com.teambrella.ios;
				PRODUCT_NAME = "$(TARGET_NAME)";
				SWIFT_OBJC_BRIDGING_HEADER = "Teambrella-Bridging-Header.h";
				SWIFT_VERSION = 3.0;
			};
			name = Release;
		};
		6DA475CC1E8ABEE600B56D9B /* Debug */ = {
			isa = XCBuildConfiguration;
			baseConfigurationReference = 63613F4D9AC88C9CBF2AB08E /* Pods-TeambrellaTests.debug.xcconfig */;
			buildSettings = {
				ALWAYS_EMBED_SWIFT_STANDARD_LIBRARIES = YES;
				BUNDLE_LOADER = "$(TEST_HOST)";
				INFOPLIST_FILE = TeambrellaTests/Info.plist;
				LD_RUNPATH_SEARCH_PATHS = "$(inherited) @executable_path/Frameworks @loader_path/Frameworks";
				PRODUCT_BUNDLE_IDENTIFIER = com.teambrella.TeambrellaTests;
				PRODUCT_NAME = "$(TARGET_NAME)";
				SWIFT_VERSION = 3.0;
				TEST_HOST = "$(BUILT_PRODUCTS_DIR)/Teambrella.app/Teambrella";
			};
			name = Debug;
		};
		6DA475CD1E8ABEE600B56D9B /* Release */ = {
			isa = XCBuildConfiguration;
			baseConfigurationReference = 0955ADF5D5781C76472099AB /* Pods-TeambrellaTests.release.xcconfig */;
			buildSettings = {
				ALWAYS_EMBED_SWIFT_STANDARD_LIBRARIES = YES;
				BUNDLE_LOADER = "$(TEST_HOST)";
				INFOPLIST_FILE = TeambrellaTests/Info.plist;
				LD_RUNPATH_SEARCH_PATHS = "$(inherited) @executable_path/Frameworks @loader_path/Frameworks";
				PRODUCT_BUNDLE_IDENTIFIER = com.teambrella.TeambrellaTests;
				PRODUCT_NAME = "$(TARGET_NAME)";
				SWIFT_VERSION = 3.0;
				TEST_HOST = "$(BUILT_PRODUCTS_DIR)/Teambrella.app/Teambrella";
			};
			name = Release;
		};
		6DA475CF1E8ABEE600B56D9B /* Debug */ = {
			isa = XCBuildConfiguration;
			baseConfigurationReference = 5A31D4B51EC413D689755DD8 /* Pods-TeambrellaUITests.debug.xcconfig */;
			buildSettings = {
				ALWAYS_EMBED_SWIFT_STANDARD_LIBRARIES = YES;
				INFOPLIST_FILE = TeambrellaUITests/Info.plist;
				LD_RUNPATH_SEARCH_PATHS = "$(inherited) @executable_path/Frameworks @loader_path/Frameworks";
				PRODUCT_BUNDLE_IDENTIFIER = com.teambrella.TeambrellaUITests;
				PRODUCT_NAME = "$(TARGET_NAME)";
				SWIFT_VERSION = 3.0;
				TEST_TARGET_NAME = Teambrella;
			};
			name = Debug;
		};
		6DA475D01E8ABEE600B56D9B /* Release */ = {
			isa = XCBuildConfiguration;
			baseConfigurationReference = EFA9DEFD913DBBA749086C64 /* Pods-TeambrellaUITests.release.xcconfig */;
			buildSettings = {
				ALWAYS_EMBED_SWIFT_STANDARD_LIBRARIES = YES;
				INFOPLIST_FILE = TeambrellaUITests/Info.plist;
				LD_RUNPATH_SEARCH_PATHS = "$(inherited) @executable_path/Frameworks @loader_path/Frameworks";
				PRODUCT_BUNDLE_IDENTIFIER = com.teambrella.TeambrellaUITests;
				PRODUCT_NAME = "$(TARGET_NAME)";
				SWIFT_VERSION = 3.0;
				TEST_TARGET_NAME = Teambrella;
			};
			name = Release;
		};
/* End XCBuildConfiguration section */

/* Begin XCConfigurationList section */
		6DA4759B1E8ABEE600B56D9B /* Build configuration list for PBXProject "Teambrella" */ = {
			isa = XCConfigurationList;
			buildConfigurations = (
				6DA475C61E8ABEE600B56D9B /* Debug */,
				6DA475C71E8ABEE600B56D9B /* Release */,
			);
			defaultConfigurationIsVisible = 0;
			defaultConfigurationName = Release;
		};
		6DA475C81E8ABEE600B56D9B /* Build configuration list for PBXNativeTarget "Teambrella" */ = {
			isa = XCConfigurationList;
			buildConfigurations = (
				6DA475C91E8ABEE600B56D9B /* Debug */,
				6DA475CA1E8ABEE600B56D9B /* Release */,
			);
			defaultConfigurationIsVisible = 0;
			defaultConfigurationName = Release;
		};
		6DA475CB1E8ABEE600B56D9B /* Build configuration list for PBXNativeTarget "TeambrellaTests" */ = {
			isa = XCConfigurationList;
			buildConfigurations = (
				6DA475CC1E8ABEE600B56D9B /* Debug */,
				6DA475CD1E8ABEE600B56D9B /* Release */,
			);
			defaultConfigurationIsVisible = 0;
			defaultConfigurationName = Release;
		};
		6DA475CE1E8ABEE600B56D9B /* Build configuration list for PBXNativeTarget "TeambrellaUITests" */ = {
			isa = XCConfigurationList;
			buildConfigurations = (
				6DA475CF1E8ABEE600B56D9B /* Debug */,
				6DA475D01E8ABEE600B56D9B /* Release */,
			);
			defaultConfigurationIsVisible = 0;
			defaultConfigurationName = Release;
		};
/* End XCConfigurationList section */

/* Begin XCVersionGroup section */
		6D7186EC1EA515F400257463 /* TransactionsModel.xcdatamodeld */ = {
			isa = XCVersionGroup;
			children = (
				6D7186ED1EA515F400257463 /* TransactionsModel.xcdatamodel */,
			);
			currentVersion = 6D7186ED1EA515F400257463 /* TransactionsModel.xcdatamodel */;
			name = TransactionsModel.xcdatamodeld;
			path = ../Transactions/Services/Storage/TransactionsModel.xcdatamodeld;
			sourceTree = "<group>";
			versionGroupType = wrapper.xcdatamodel;
		};
/* End XCVersionGroup section */
	};
	rootObject = 6DA475981E8ABEE600B56D9B /* Project object */;
}
