PODS:
  - AppsFlyerFramework (4.10.0)
  - BigNumber (2.0)
  - CoreEthereum (1.0.7):
    - ISO8601DateFormatter
  - Crashlytics (3.13.0):
    - Fabric (~> 1.10.0)
  - ExtensionsPack (1.1.0)
  - Fabric (1.10.0)
  - Firebase/Core (6.0.0):
    - Firebase/CoreOnly
    - FirebaseAnalytics (= 6.0.0)
  - Firebase/CoreOnly (6.0.0):
    - FirebaseCore (= 6.0.0)
  - Firebase/DynamicLinks (6.0.0):
    - Firebase/CoreOnly
    - FirebaseDynamicLinks (~> 4.0.0)
  - Firebase/Messaging (6.0.0):
    - Firebase/CoreOnly
    - FirebaseMessaging (~> 4.0.0)
  - FirebaseAnalytics (6.0.0):
    - FirebaseCore (~> 6.0)
    - FirebaseInstanceID (~> 4.0)
    - GoogleAppMeasurement (= 6.0.0)
    - GoogleUtilities/AppDelegateSwizzler (~> 6.0)
    - GoogleUtilities/MethodSwizzler (~> 6.0)
    - GoogleUtilities/Network (~> 6.0)
    - "GoogleUtilities/NSData+zlib (~> 6.0)"
    - nanopb (~> 0.3)
  - FirebaseAnalyticsInterop (1.2.0)
  - FirebaseCore (6.0.0):
    - GoogleUtilities/Environment (~> 6.0)
    - GoogleUtilities/Logger (~> 6.0)
  - FirebaseDynamicLinks (4.0.0):
    - FirebaseAnalyticsInterop (~> 1.0)
    - FirebaseCore (~> 6.0)
  - FirebaseInstanceID (4.0.0):
    - FirebaseCore (~> 6.0)
    - GoogleUtilities/Environment (~> 6.0)
    - GoogleUtilities/UserDefaults (~> 6.0)
  - FirebaseMessaging (4.0.0):
    - FirebaseAnalyticsInterop (~> 1.1)
    - FirebaseCore (~> 6.0)
    - FirebaseInstanceID (~> 4.0)
    - GoogleUtilities/AppDelegateSwizzler (~> 6.0)
    - GoogleUtilities/Environment (~> 6.0)
    - GoogleUtilities/Reachability (~> 6.0)
    - GoogleUtilities/UserDefaults (~> 6.0)
    - Protobuf (~> 3.1)
  - Geth (1.8.27)
  - GoogleAppMeasurement (6.0.0):
    - GoogleUtilities/AppDelegateSwizzler (~> 6.0)
    - GoogleUtilities/MethodSwizzler (~> 6.0)
    - GoogleUtilities/Network (~> 6.0)
    - "GoogleUtilities/NSData+zlib (~> 6.0)"
    - nanopb (~> 0.3)
  - GoogleUtilities/AppDelegateSwizzler (6.1.0):
    - GoogleUtilities/Environment
    - GoogleUtilities/Logger
    - GoogleUtilities/Network
  - GoogleUtilities/Environment (6.1.0)
  - GoogleUtilities/Logger (6.1.0):
    - GoogleUtilities/Environment
  - GoogleUtilities/MethodSwizzler (6.1.0):
    - GoogleUtilities/Logger
  - GoogleUtilities/Network (6.1.0):
    - GoogleUtilities/Logger
    - "GoogleUtilities/NSData+zlib"
    - GoogleUtilities/Reachability
  - "GoogleUtilities/NSData+zlib (6.1.0)"
  - GoogleUtilities/Reachability (6.1.0):
    - GoogleUtilities/Logger
  - GoogleUtilities/UserDefaults (6.1.0):
    - GoogleUtilities/Logger
  - ImageSlideshow (1.7.0):
    - ImageSlideshow/Core (= 1.7.0)
  - ImageSlideshow/Core (1.7.0)
  - ISO8601DateFormatter (0.8)
  - KeychainAccess (3.2.0)
  - Kingfisher (5.4.0)
  - nanopb (0.3.901):
    - nanopb/decode (= 0.3.901)
    - nanopb/encode (= 0.3.901)
  - nanopb/decode (0.3.901)
  - nanopb/encode (0.3.901)
  - PKHUD (5.2.1)
  - Protobuf (3.7.0)
  - QRCode (2.0)
  - ReachabilitySwift (4.3.1)
  - SinchRTC (3.12.9)
  - Starscream (3.1.0)
  - SwiftDate (6.0.3)
  - SwiftEmail (0.1)
  - SwiftMessages (5.0.1):
    - SwiftMessages/App (= 5.0.1)
  - SwiftMessages/App (5.0.1)
  - SwiftSoup (2.0.0)
  - ThoraxMath (1.1.0)
  - XLPagerTabStrip (9.0.0)

DEPENDENCIES:
  - AppsFlyerFramework
  - BigNumber (from `https://github.com/mkrd/Swift-Big-Integer.git`)
  - CoreEthereum (from `https://raw.github.com/teambrella/CoreEthereum/master/CoreEthereum.podspec`)
  - Crashlytics
  - ExtensionsPack (from `https://github.com/yaro812/ExtensionsPack.git`)
  - Fabric
  - Firebase/Core
  - Firebase/DynamicLinks
  - Firebase/Messaging
  - Geth (~> 1.7)
  - ImageSlideshow
  - KeychainAccess
  - Kingfisher
  - PKHUD
  - QRCode
  - ReachabilitySwift
  - SinchRTC
  - Starscream
  - SwiftDate
  - SwiftEmail (from `https://github.com/yaro812/SwiftEmail.git`)
  - SwiftMessages (~> 5.0)
  - SwiftSoup
  - ThoraxMath (from `https://github.com/yaro812/ThoraxMath.git`)
  - XLPagerTabStrip (from `https://github.com/xmartlabs/XLPagerTabStrip.git`)

SPEC REPOS:
  https://github.com/cocoapods/specs.git:
    - AppsFlyerFramework
    - Crashlytics
    - Fabric
    - Firebase
    - FirebaseAnalytics
    - FirebaseAnalyticsInterop
    - FirebaseCore
    - FirebaseDynamicLinks
    - FirebaseInstanceID
    - FirebaseMessaging
    - Geth
    - GoogleAppMeasurement
    - GoogleUtilities
    - ImageSlideshow
    - ISO8601DateFormatter
    - KeychainAccess
    - Kingfisher
    - nanopb
    - PKHUD
    - Protobuf
    - QRCode
    - ReachabilitySwift
    - SinchRTC
    - Starscream
    - SwiftDate
    - SwiftMessages
    - SwiftSoup

EXTERNAL SOURCES:
  BigNumber:
    :git: https://github.com/mkrd/Swift-Big-Integer.git
  CoreEthereum:
    :podspec: https://raw.github.com/teambrella/CoreEthereum/master/CoreEthereum.podspec
  ExtensionsPack:
    :git: https://github.com/yaro812/ExtensionsPack.git
  SwiftEmail:
    :git: https://github.com/yaro812/SwiftEmail.git
  ThoraxMath:
    :git: https://github.com/yaro812/ThoraxMath.git
  XLPagerTabStrip:
    :git: https://github.com/xmartlabs/XLPagerTabStrip.git

CHECKOUT OPTIONS:
  BigNumber:
    :commit: e74499e3a74b0856f18953a25b5175b8b99c1a33
    :git: https://github.com/mkrd/Swift-Big-Integer.git
  ExtensionsPack:
    :commit: a8ea4d44d7658f2f51309bf675614372f8959623
    :git: https://github.com/yaro812/ExtensionsPack.git
  SwiftEmail:
    :commit: 1f8e3eda12a796c87bdb4b7d056fc36e1af17db0
    :git: https://github.com/yaro812/SwiftEmail.git
  ThoraxMath:
    :commit: eb1fc92b1f375da9835ba5a9e5cab83317066426
    :git: https://github.com/yaro812/ThoraxMath.git
  XLPagerTabStrip:
    :commit: bd0af432d5df5fa78328800590a60ae640b0b1a1
    :git: https://github.com/xmartlabs/XLPagerTabStrip.git

SPEC CHECKSUMS:
  AppsFlyerFramework: d356c24fa0653bfa518b09613f6b46e980600e90
  BigNumber: bcc393c06b3e7e2752e5121be58c032c45c6f36b
  CoreEthereum: 5d4fa621d11587289dcbfa0282c1f653af1ee97b
  Crashlytics: 1f5f752c7feac0add0cc1774756f96444fa3b1a7
  ExtensionsPack: d23e798f4db8b1481b423e129b384d0c5bcbcdf1
  Fabric: 09de1e053eb7dc415593166ad3e53d4c88123405
  Firebase: fa80b9d987ca014a1ba9357496ef2a0178b28b12
  FirebaseAnalytics: 1743c5f4de3687d0745709dfdc4b1dea1484f44c
  FirebaseAnalyticsInterop: efbe45c8385ec626e29f9525e5ebd38520dfb6c1
  FirebaseCore: e38f025287b413255a53acc1945d048a112047f7
  FirebaseDynamicLinks: 25fc45fdf2557ee2ee630999c301245d8911792e
  FirebaseInstanceID: 0e0348a3c00a734fa376a070f5ad4533ad975cb5
  FirebaseMessaging: c796d50864dc822a3c06c9c1c1444b37732b795b
  Geth: 17f114e3f581e961f5269cea67d48bcde32df012
  GoogleAppMeasurement: 7f028ea162b72c8f326daec74afc95d94f7a47d6
  GoogleUtilities: 84df567c76ca84f67b7bb40e769fdd4acc746a10
  ImageSlideshow: f8eec5e37a980f60923b585ff23b0e140fd24018
  ISO8601DateFormatter: 4551b6ce4f83185425f583b0b3feb3c7b59b942c
  KeychainAccess: 3b1bf8a77eb4c6ea1ce9404c292e48f948954c6b
  Kingfisher: 9c8f2cc6710334e06f32ba2b45e77707d5e2f0c9
  nanopb: 2901f78ea1b7b4015c860c2fdd1ea2fee1a18d48
  PKHUD: 4e6162c4c39ac367c6934e9855c6b4762ee16256
  Protobuf: 7a877b7f3e5964e3fce995e2eb323dbc6831bb5a
  QRCode: f98a1886c8f37523704a7512a4c0cd45b34c18a4
  ReachabilitySwift: 4032e2f59586e11e3b0ebe15b167abdd587a388b
  SinchRTC: ed769fd3fec5940e6b75ed310e93796d62149810
  Starscream: 08172b481e145289c4930cb567230fb55897cfa4
  SwiftDate: 8d4f14bf1ef68e95094511504856547bf9e3e1a6
  SwiftEmail: 7c80c3ea688c95793f107f7c99d32033635656c1
  SwiftMessages: 32ce3cfc8388b41aae56ff4853cc752a20101147
  SwiftSoup: 4fe21f65cdbfa3a40559047016b7962b88d29279
  ThoraxMath: 1560404471d52eb8c0f956c39232e8be4e14cff7
  XLPagerTabStrip: 81a7f7a397d3a61e6c3fcca7e5688849e4e969a0

PODFILE CHECKSUM: b1e333625ea8411af9ceabae89890cc2d8072d57

COCOAPODS: 1.7.0.rc.1
