PODS:
  - BigNumber (2.0)
  - CoreBitcoin (0.6.8.1):
    - ISO8601DateFormatter
    - OpenSSL-Universal (= 1.0.1.16)
  - Crashlytics (3.11.0):
    - Fabric (~> 1.8.0)
  - ExtensionsPack (1.1.0)
  - Fabric (1.8.0)
  - Firebase/Core (5.10.0):
    - Firebase/CoreOnly
    - FirebaseAnalytics (= 5.2.0)
  - Firebase/CoreOnly (5.10.0):
    - FirebaseCore (= 5.1.5)
  - Firebase/DynamicLinks (5.10.0):
    - Firebase/CoreOnly
    - FirebaseDynamicLinks (= 3.1.0)
  - Firebase/Messaging (5.10.0):
    - Firebase/CoreOnly
    - FirebaseMessaging (= 3.2.0)
  - FirebaseAnalytics (5.2.0):
    - FirebaseCore (~> 5.1)
    - FirebaseInstanceID (~> 3.2)
    - GoogleAppMeasurement (~> 5.2)
    - GoogleUtilities/AppDelegateSwizzler (~> 5.2)
    - GoogleUtilities/MethodSwizzler (~> 5.2)
    - GoogleUtilities/Network (~> 5.2)
    - "GoogleUtilities/NSData+zlib (~> 5.2)"
    - nanopb (~> 0.3)
  - FirebaseAnalyticsInterop (1.1.0)
  - FirebaseCore (5.1.5):
    - GoogleUtilities/Logger (~> 5.2)
  - FirebaseDynamicLinks (3.1.0):
    - FirebaseAnalytics (~> 5.1)
    - FirebaseAnalyticsInterop (~> 1.0)
    - FirebaseCore (~> 5.1)
  - FirebaseInstanceID (3.2.2):
    - FirebaseCore (~> 5.1)
    - GoogleUtilities/Environment (~> 5.3)
    - GoogleUtilities/UserDefaults (~> 5.3)
  - FirebaseMessaging (3.2.0):
    - FirebaseCore (~> 5.0)
    - FirebaseInstanceID (~> 3.0)
    - GoogleUtilities/Environment (~> 5.2)
    - GoogleUtilities/Reachability (~> 5.2)
    - Protobuf (~> 3.1)
  - Geth (1.8.17)
  - GoogleAppMeasurement (5.2.0):
    - GoogleUtilities/AppDelegateSwizzler (~> 5.2)
    - GoogleUtilities/MethodSwizzler (~> 5.2)
    - GoogleUtilities/Network (~> 5.2)
    - "GoogleUtilities/NSData+zlib (~> 5.2)"
    - nanopb (~> 0.3)
  - GoogleUtilities/AppDelegateSwizzler (5.3.4):
    - GoogleUtilities/Environment
    - GoogleUtilities/Logger
    - GoogleUtilities/Network
  - GoogleUtilities/Environment (5.3.4)
  - GoogleUtilities/Logger (5.3.4):
    - GoogleUtilities/Environment
  - GoogleUtilities/MethodSwizzler (5.3.4):
    - GoogleUtilities/Logger
  - GoogleUtilities/Network (5.3.4):
    - GoogleUtilities/Logger
    - "GoogleUtilities/NSData+zlib"
    - GoogleUtilities/Reachability
  - "GoogleUtilities/NSData+zlib (5.3.4)"
  - GoogleUtilities/Reachability (5.3.4):
    - GoogleUtilities/Logger
  - GoogleUtilities/UserDefaults (5.3.4):
    - GoogleUtilities/Logger
  - ImageSlideshow (1.7.0):
    - ImageSlideshow/Core (= 1.7.0)
  - ImageSlideshow/Core (1.7.0)
  - ISO8601DateFormatter (0.8)
  - KeychainAccess (3.1.2)
  - Kingfisher (4.10.0)
  - nanopb (0.3.8):
    - nanopb/decode (= 0.3.8)
    - nanopb/encode (= 0.3.8)
  - nanopb/decode (0.3.8)
  - nanopb/encode (0.3.8)
  - OpenSSL-Universal (1.0.1.16)
  - PKHUD (5.2.0)
  - Protobuf (3.6.1)
  - QRCode (2.0)
  - ReachabilitySwift (4.3.0)
  - SinchRTC (3.12.6)
  - Starscream (3.0.6)
  - SwiftDate (5.0.10)
  - SwiftEmail (0.1)
  - SwiftMessages (5.0.1):
    - SwiftMessages/App (= 5.0.1)
  - SwiftMessages/App (5.0.1)
  - SwiftSoup (1.7.4)
  - ThoraxMath (1.1.0)
  - XLPagerTabStrip (8.1.0)

DEPENDENCIES:
  - BigNumber (from `https://github.com/mkrd/Swift-Big-Integer.git`)
  - CoreBitcoin (from `https://raw.github.com/oleganza/CoreBitcoin/master/CoreBitcoin.podspec`)
  - Crashlytics
  - ExtensionsPack (from `https://github.com/yaro812/ExtensionsPack.git`)
  - Fabric
  - Firebase/Core
  - Firebase/DynamicLinks
  - Firebase/Messaging
  - Geth (~> 1.7)
  - ImageSlideshow
  - KeychainAccess
  - Kingfisher
  - PKHUD
  - QRCode
  - ReachabilitySwift
  - SinchRTC
  - Starscream
  - SwiftDate
  - SwiftEmail (from `https://github.com/yaro812/SwiftEmail.git`)
  - SwiftMessages (~> 5.0)
  - SwiftSoup
  - ThoraxMath (from `https://github.com/yaro812/ThoraxMath.git`)
  - XLPagerTabStrip (from `https://github.com/xmartlabs/XLPagerTabStrip.git`)

SPEC REPOS:
  https://github.com/cocoapods/specs.git:
    - Crashlytics
    - Fabric
    - Firebase
    - FirebaseAnalytics
    - FirebaseAnalyticsInterop
    - FirebaseCore
    - FirebaseDynamicLinks
    - FirebaseInstanceID
    - FirebaseMessaging
    - Geth
    - GoogleAppMeasurement
    - GoogleUtilities
    - ImageSlideshow
    - ISO8601DateFormatter
    - KeychainAccess
    - Kingfisher
    - nanopb
    - OpenSSL-Universal
    - PKHUD
    - Protobuf
    - QRCode
    - ReachabilitySwift
    - SinchRTC
    - Starscream
    - SwiftDate
    - SwiftMessages
    - SwiftSoup

EXTERNAL SOURCES:
  BigNumber:
    :git: https://github.com/mkrd/Swift-Big-Integer.git
  CoreBitcoin:
    :podspec: https://raw.github.com/oleganza/CoreBitcoin/master/CoreBitcoin.podspec
  ExtensionsPack:
    :git: https://github.com/yaro812/ExtensionsPack.git
  SwiftEmail:
    :git: https://github.com/yaro812/SwiftEmail.git
  ThoraxMath:
    :git: https://github.com/yaro812/ThoraxMath.git
  XLPagerTabStrip:
    :git: https://github.com/xmartlabs/XLPagerTabStrip.git

CHECKOUT OPTIONS:
  BigNumber:
    :commit: e1c4bc15a6b11c5fa7f8cb678f59b55c0b238f23
    :git: https://github.com/mkrd/Swift-Big-Integer.git
  ExtensionsPack:
    :commit: a8ea4d44d7658f2f51309bf675614372f8959623
    :git: https://github.com/yaro812/ExtensionsPack.git
  SwiftEmail:
    :commit: 1f8e3eda12a796c87bdb4b7d056fc36e1af17db0
    :git: https://github.com/yaro812/SwiftEmail.git
  ThoraxMath:
    :commit: eb1fc92b1f375da9835ba5a9e5cab83317066426
    :git: https://github.com/yaro812/ThoraxMath.git
  XLPagerTabStrip:
    :commit: 8defea05bc73cf1c27c7c2c5ca5dbf91a6880f5f
    :git: https://github.com/xmartlabs/XLPagerTabStrip.git

SPEC CHECKSUMS:
  BigNumber: bcc393c06b3e7e2752e5121be58c032c45c6f36b
  CoreBitcoin: 4ac6f6a61e543f08399c2fe57496d4fdcbaf74f9
  Crashlytics: 1448070c1d2731ab71ea7c3faf84ac0f69657287
  ExtensionsPack: b1e93f49af7729b5e522714585ead40ed92f4ad0
  Fabric: 4ac1cdfef3004ccd83ce0959b91eda8a6e37df72
  Firebase: 6691d47562a780c26281ce8464518faafc90c610
  FirebaseAnalytics: 831f1f127f4a75698e9875a87bf7e2668730d953
  FirebaseAnalyticsInterop: e5f21be9af6548372e2f0815834ff909bff395a2
  FirebaseCore: c6079de64c1a87000e52e9b408dddcadc901177f
  FirebaseDynamicLinks: 33f349103fa71d463688b7671e6a60e00ac6a5af
  FirebaseInstanceID: 78ba376fcd5b94c001f9999b2cbd3d1f1e56e78d
  FirebaseMessaging: 000b32447b461b34b6b912b23ec11be20b503b5b
  Geth: f75304914f9feda13bd388bad8e2ba2fd46cb2df
  GoogleAppMeasurement: 2b3a023a61239c8d002e6e4fcf4abce8eddce0e0
  GoogleUtilities: abb092d2c12e817fa3e0e7b274987dd72fb86ec3
  ImageSlideshow: f8eec5e37a980f60923b585ff23b0e140fd24018
  ISO8601DateFormatter: 4551b6ce4f83185425f583b0b3feb3c7b59b942c
  KeychainAccess: b3816fddcf28aa29d94b10ec305cd52be14c472b
  Kingfisher: 43c4b802d8b5256cf1f4379e9cd10b329be6d3e2
  nanopb: 5601e6bca2dbf1ed831b519092ec110f66982ca3
  OpenSSL-Universal: 85ef63bf81d0741b03c8719cd29685c37c59518d
  PKHUD: dd5357ac65f26115c35c4a68e9b328053326c5fe
  Protobuf: 1eb9700044745f00181c136ef21b8ff3ad5a0fd5
  QRCode: f98a1886c8f37523704a7512a4c0cd45b34c18a4
  ReachabilitySwift: 408477d1b6ed9779dba301953171e017c31241f3
  SinchRTC: 82ff35f50ee298ff632f88b934a2323b9b821a63
  Starscream: ef3ece99d765eeccb67de105bfa143f929026cf5
  SwiftDate: fcdaa7ca22a903faf6d7ed231239a88d174dcae3
  SwiftEmail: 6fc022c42d84fa225a27be070bf80652f03cafb9
  SwiftMessages: 32ce3cfc8388b41aae56ff4853cc752a20101147
  SwiftSoup: 92f5b348c131aed8af04f4326db1579ab19fa08c
  ThoraxMath: 5a3328f333477deec5fb004bac3de6b06f06e9fc
  XLPagerTabStrip: 22d4c58200d7c105e0e407ab6bfd01a5d85014be

PODFILE CHECKSUM: 26b869034d009b43032c910e2ab90a936cb5ccc6

COCOAPODS: 1.6.0.beta.2
